
Microsoft Visual Studio Solution File, Format Version 12.00
# Visual Studio 2012
Project("{2150E333-8FDC-42A3-9474-1A3956D46DE8}") = "Pegasus", "Pegasus", "{F99F748E-94E2-4095-936C-60C7EE6B5B24}"
EndProject
Project("{2150E333-8FDC-42A3-9474-1A3956D46DE8}") = "Editor", "Editor", "{03D32D76-AB97-4CB0-937A-FF17C86AB287}"
EndProject
Project("{2150E333-8FDC-42A3-9474-1A3956D46DE8}") = "Launcher", "Launcher", "{B460F7CD-5B6E-43D6-AD3D-FDC418941FF6}"
EndProject
Project("{8BC9CEB8-8B4A-11D0-8D11-00A0C91BC942}") = "Core", "Pegasus\Core\Core.vcxproj", "{92FA566D-08A1-4C83-832B-C8D76BD1493B}"
EndProject
Project("{8BC9CEB8-8B4A-11D0-8D11-00A0C91BC942}") = "Render", "Pegasus\Render\Render.vcxproj", "{B1169EA8-9728-4F43-B328-CD2002450798}"
	ProjectSection(ProjectDependencies) = postProject
		{C375ED26-6288-4CD7-87E2-BE8306FA75A0} = {C375ED26-6288-4CD7-87E2-BE8306FA75A0}
		{92FA566D-08A1-4C83-832B-C8D76BD1493B} = {92FA566D-08A1-4C83-832B-C8D76BD1493B}
	EndProjectSection
EndProject
Project("{8BC9CEB8-8B4A-11D0-8D11-00A0C91BC942}") = "Pegasus", "Pegasus\Pegasus.vcxproj", "{98BF1395-48CE-4C98-8921-7890B74889AD}"
	ProjectSection(ProjectDependencies) = postProject
		{C375ED26-6288-4CD7-87E2-BE8306FA75A0} = {C375ED26-6288-4CD7-87E2-BE8306FA75A0}
		{92FA566D-08A1-4C83-832B-C8D76BD1493B} = {92FA566D-08A1-4C83-832B-C8D76BD1493B}
		{9C0F2A6E-1A94-42FA-ACE7-2D4854EB674D} = {9C0F2A6E-1A94-42FA-ACE7-2D4854EB674D}
		{B1169EA8-9728-4F43-B328-CD2002450798} = {B1169EA8-9728-4F43-B328-CD2002450798}
		{B1C699DC-4BA7-4FE8-AB4C-6A449084B094} = {B1C699DC-4BA7-4FE8-AB4C-6A449084B094}
	EndProjectSection
EndProject
Project("{8BC9CEB8-8B4A-11D0-8D11-00A0C91BC942}") = "Editor", "Editor\Editor.vcxproj", "{13712E99-DD06-4C3A-85AE-102B3654679E}"
EndProject
Project("{8BC9CEB8-8B4A-11D0-8D11-00A0C91BC942}") = "Launcher", "Launcher\Launcher.vcxproj", "{C8DD5CB8-24C9-4BA1-BDA2-E096C0D8D83C}"
	ProjectSection(ProjectDependencies) = postProject
		{98BF1395-48CE-4C98-8921-7890B74889AD} = {98BF1395-48CE-4C98-8921-7890B74889AD}
	EndProjectSection
EndProject
Project("{2150E333-8FDC-42A3-9474-1A3956D46DE8}") = "Apps", "Apps", "{D4FCE857-57CA-42A4-87C5-4213385279F2}"
EndProject
Project("{8BC9CEB8-8B4A-11D0-8D11-00A0C91BC942}") = "TestApp1", "Apps\TestApp1\TestApp1.vcxproj", "{CDBC735A-BBD9-48FA-AC97-3FDB4EC980F0}"
	ProjectSection(ProjectDependencies) = postProject
		{98BF1395-48CE-4C98-8921-7890B74889AD} = {98BF1395-48CE-4C98-8921-7890B74889AD}
		{C8DD5CB8-24C9-4BA1-BDA2-E096C0D8D83C} = {C8DD5CB8-24C9-4BA1-BDA2-E096C0D8D83C}
	EndProjectSection
EndProject
Project("{8BC9CEB8-8B4A-11D0-8D11-00A0C91BC942}") = "Window", "Pegasus\Window\Window.vcxproj", "{9C0F2A6E-1A94-42FA-ACE7-2D4854EB674D}"
	ProjectSection(ProjectDependencies) = postProject
		{92FA566D-08A1-4C83-832B-C8D76BD1493B} = {92FA566D-08A1-4C83-832B-C8D76BD1493B}
		{B1169EA8-9728-4F43-B328-CD2002450798} = {B1169EA8-9728-4F43-B328-CD2002450798}
	EndProjectSection
EndProject
Project("{8BC9CEB8-8B4A-11D0-8D11-00A0C91BC942}") = "Application", "Pegasus\Application\Application.vcxproj", "{B1C699DC-4BA7-4FE8-AB4C-6A449084B094}"
	ProjectSection(ProjectDependencies) = postProject
		{92FA566D-08A1-4C83-832B-C8D76BD1493B} = {92FA566D-08A1-4C83-832B-C8D76BD1493B}
		{9C0F2A6E-1A94-42FA-ACE7-2D4854EB674D} = {9C0F2A6E-1A94-42FA-ACE7-2D4854EB674D}
	EndProjectSection
EndProject
Project("{8BC9CEB8-8B4A-11D0-8D11-00A0C91BC942}") = "Math", "Pegasus\Math\Math.vcxproj", "{C375ED26-6288-4CD7-87E2-BE8306FA75A0}"
	ProjectSection(ProjectDependencies) = postProject
		{92FA566D-08A1-4C83-832B-C8D76BD1493B} = {92FA566D-08A1-4C83-832B-C8D76BD1493B}
	EndProjectSection
EndProject
Global
	GlobalSection(SolutionConfigurationPlatforms) = preSolution
		Dev-Debug|Win32 = Dev-Debug|Win32
		Dev-Opt|Win32 = Dev-Opt|Win32
		Rel-Debug|Win32 = Rel-Debug|Win32
		Rel-Final|Win32 = Rel-Final|Win32
		Rel-Profile|Win32 = Rel-Profile|Win32
		Rel-Small|Win32 = Rel-Small|Win32
	EndGlobalSection
	GlobalSection(ProjectConfigurationPlatforms) = postSolution
		{92FA566D-08A1-4C83-832B-C8D76BD1493B}.Dev-Debug|Win32.ActiveCfg = Dev-Debug|Win32
		{92FA566D-08A1-4C83-832B-C8D76BD1493B}.Dev-Debug|Win32.Build.0 = Dev-Debug|Win32
		{92FA566D-08A1-4C83-832B-C8D76BD1493B}.Dev-Opt|Win32.ActiveCfg = Dev-Opt|Win32
		{92FA566D-08A1-4C83-832B-C8D76BD1493B}.Dev-Opt|Win32.Build.0 = Dev-Opt|Win32
		{92FA566D-08A1-4C83-832B-C8D76BD1493B}.Rel-Debug|Win32.ActiveCfg = Rel-Debug|Win32
		{92FA566D-08A1-4C83-832B-C8D76BD1493B}.Rel-Debug|Win32.Build.0 = Rel-Debug|Win32
		{92FA566D-08A1-4C83-832B-C8D76BD1493B}.Rel-Final|Win32.ActiveCfg = Rel-Final|Win32
		{92FA566D-08A1-4C83-832B-C8D76BD1493B}.Rel-Final|Win32.Build.0 = Rel-Final|Win32
		{92FA566D-08A1-4C83-832B-C8D76BD1493B}.Rel-Profile|Win32.ActiveCfg = Rel-Profile|Win32
		{92FA566D-08A1-4C83-832B-C8D76BD1493B}.Rel-Profile|Win32.Build.0 = Rel-Profile|Win32
		{92FA566D-08A1-4C83-832B-C8D76BD1493B}.Rel-Small|Win32.ActiveCfg = Rel-Small|Win32
		{92FA566D-08A1-4C83-832B-C8D76BD1493B}.Rel-Small|Win32.Build.0 = Rel-Small|Win32
		{B1169EA8-9728-4F43-B328-CD2002450798}.Dev-Debug|Win32.ActiveCfg = Dev-Debug|Win32
		{B1169EA8-9728-4F43-B328-CD2002450798}.Dev-Debug|Win32.Build.0 = Dev-Debug|Win32
		{B1169EA8-9728-4F43-B328-CD2002450798}.Dev-Opt|Win32.ActiveCfg = Dev-Opt|Win32
		{B1169EA8-9728-4F43-B328-CD2002450798}.Dev-Opt|Win32.Build.0 = Dev-Opt|Win32
		{B1169EA8-9728-4F43-B328-CD2002450798}.Rel-Debug|Win32.ActiveCfg = Rel-Debug|Win32
		{B1169EA8-9728-4F43-B328-CD2002450798}.Rel-Debug|Win32.Build.0 = Rel-Debug|Win32
		{B1169EA8-9728-4F43-B328-CD2002450798}.Rel-Final|Win32.ActiveCfg = Rel-Final|Win32
		{B1169EA8-9728-4F43-B328-CD2002450798}.Rel-Final|Win32.Build.0 = Rel-Final|Win32
		{B1169EA8-9728-4F43-B328-CD2002450798}.Rel-Profile|Win32.ActiveCfg = Rel-Profile|Win32
		{B1169EA8-9728-4F43-B328-CD2002450798}.Rel-Profile|Win32.Build.0 = Rel-Profile|Win32
		{B1169EA8-9728-4F43-B328-CD2002450798}.Rel-Small|Win32.ActiveCfg = Rel-Small|Win32
		{B1169EA8-9728-4F43-B328-CD2002450798}.Rel-Small|Win32.Build.0 = Rel-Small|Win32
		{98BF1395-48CE-4C98-8921-7890B74889AD}.Dev-Debug|Win32.ActiveCfg = Dev-Debug|Win32
		{98BF1395-48CE-4C98-8921-7890B74889AD}.Dev-Debug|Win32.Build.0 = Dev-Debug|Win32
		{98BF1395-48CE-4C98-8921-7890B74889AD}.Dev-Opt|Win32.ActiveCfg = Dev-Opt|Win32
		{98BF1395-48CE-4C98-8921-7890B74889AD}.Dev-Opt|Win32.Build.0 = Dev-Opt|Win32
		{98BF1395-48CE-4C98-8921-7890B74889AD}.Rel-Debug|Win32.ActiveCfg = Rel-Debug|Win32
		{98BF1395-48CE-4C98-8921-7890B74889AD}.Rel-Debug|Win32.Build.0 = Rel-Debug|Win32
		{98BF1395-48CE-4C98-8921-7890B74889AD}.Rel-Final|Win32.ActiveCfg = Rel-Final|Win32
		{98BF1395-48CE-4C98-8921-7890B74889AD}.Rel-Final|Win32.Build.0 = Rel-Final|Win32
		{98BF1395-48CE-4C98-8921-7890B74889AD}.Rel-Profile|Win32.ActiveCfg = Rel-Profile|Win32
		{98BF1395-48CE-4C98-8921-7890B74889AD}.Rel-Profile|Win32.Build.0 = Rel-Profile|Win32
		{98BF1395-48CE-4C98-8921-7890B74889AD}.Rel-Small|Win32.ActiveCfg = Rel-Small|Win32
		{98BF1395-48CE-4C98-8921-7890B74889AD}.Rel-Small|Win32.Build.0 = Rel-Small|Win32
		{13712E99-DD06-4C3A-85AE-102B3654679E}.Dev-Debug|Win32.ActiveCfg = Dev-Debug|Win32
		{13712E99-DD06-4C3A-85AE-102B3654679E}.Dev-Debug|Win32.Build.0 = Dev-Debug|Win32
		{13712E99-DD06-4C3A-85AE-102B3654679E}.Dev-Opt|Win32.ActiveCfg = Dev-Opt|Win32
		{13712E99-DD06-4C3A-85AE-102B3654679E}.Dev-Opt|Win32.Build.0 = Dev-Opt|Win32
		{13712E99-DD06-4C3A-85AE-102B3654679E}.Rel-Debug|Win32.ActiveCfg = Dev-Debug|Win32
		{13712E99-DD06-4C3A-85AE-102B3654679E}.Rel-Final|Win32.ActiveCfg = Dev-Opt|Win32
		{13712E99-DD06-4C3A-85AE-102B3654679E}.Rel-Profile|Win32.ActiveCfg = Dev-Opt|Win32
		{13712E99-DD06-4C3A-85AE-102B3654679E}.Rel-Small|Win32.ActiveCfg = Dev-Opt|Win32
		{C8DD5CB8-24C9-4BA1-BDA2-E096C0D8D83C}.Dev-Debug|Win32.ActiveCfg = Dev-Debug|Win32
		{C8DD5CB8-24C9-4BA1-BDA2-E096C0D8D83C}.Dev-Debug|Win32.Build.0 = Dev-Debug|Win32
		{C8DD5CB8-24C9-4BA1-BDA2-E096C0D8D83C}.Dev-Opt|Win32.ActiveCfg = Dev-Opt|Win32
		{C8DD5CB8-24C9-4BA1-BDA2-E096C0D8D83C}.Dev-Opt|Win32.Build.0 = Dev-Opt|Win32
		{C8DD5CB8-24C9-4BA1-BDA2-E096C0D8D83C}.Rel-Debug|Win32.ActiveCfg = Dev-Debug|Win32
		{C8DD5CB8-24C9-4BA1-BDA2-E096C0D8D83C}.Rel-Final|Win32.ActiveCfg = Dev-Opt|Win32
		{C8DD5CB8-24C9-4BA1-BDA2-E096C0D8D83C}.Rel-Profile|Win32.ActiveCfg = Dev-Opt|Win32
		{C8DD5CB8-24C9-4BA1-BDA2-E096C0D8D83C}.Rel-Small|Win32.ActiveCfg = Dev-Opt|Win32
		{CDBC735A-BBD9-48FA-AC97-3FDB4EC980F0}.Dev-Debug|Win32.ActiveCfg = Dev-Debug|Win32
		{CDBC735A-BBD9-48FA-AC97-3FDB4EC980F0}.Dev-Debug|Win32.Build.0 = Dev-Debug|Win32
		{CDBC735A-BBD9-48FA-AC97-3FDB4EC980F0}.Dev-Opt|Win32.ActiveCfg = Dev-Opt|Win32
		{CDBC735A-BBD9-48FA-AC97-3FDB4EC980F0}.Dev-Opt|Win32.Build.0 = Dev-Opt|Win32
		{CDBC735A-BBD9-48FA-AC97-3FDB4EC980F0}.Rel-Debug|Win32.ActiveCfg = Rel-Debug|Win32
		{CDBC735A-BBD9-48FA-AC97-3FDB4EC980F0}.Rel-Debug|Win32.Build.0 = Rel-Debug|Win32
		{CDBC735A-BBD9-48FA-AC97-3FDB4EC980F0}.Rel-Final|Win32.ActiveCfg = Rel-Final|Win32
		{CDBC735A-BBD9-48FA-AC97-3FDB4EC980F0}.Rel-Final|Win32.Build.0 = Rel-Final|Win32
		{CDBC735A-BBD9-48FA-AC97-3FDB4EC980F0}.Rel-Profile|Win32.ActiveCfg = Rel-Profile|Win32
		{CDBC735A-BBD9-48FA-AC97-3FDB4EC980F0}.Rel-Profile|Win32.Build.0 = Rel-Profile|Win32
		{CDBC735A-BBD9-48FA-AC97-3FDB4EC980F0}.Rel-Small|Win32.ActiveCfg = Rel-Small|Win32
		{CDBC735A-BBD9-48FA-AC97-3FDB4EC980F0}.Rel-Small|Win32.Build.0 = Rel-Small|Win32
		{9C0F2A6E-1A94-42FA-ACE7-2D4854EB674D}.Dev-Debug|Win32.ActiveCfg = Dev-Debug|Win32
		{9C0F2A6E-1A94-42FA-ACE7-2D4854EB674D}.Dev-Debug|Win32.Build.0 = Dev-Debug|Win32
		{9C0F2A6E-1A94-42FA-ACE7-2D4854EB674D}.Dev-Opt|Win32.ActiveCfg = Dev-Opt|Win32
		{9C0F2A6E-1A94-42FA-ACE7-2D4854EB674D}.Dev-Opt|Win32.Build.0 = Dev-Opt|Win32
		{9C0F2A6E-1A94-42FA-ACE7-2D4854EB674D}.Rel-Debug|Win32.ActiveCfg = Rel-Debug|Win32
		{9C0F2A6E-1A94-42FA-ACE7-2D4854EB674D}.Rel-Debug|Win32.Build.0 = Rel-Debug|Win32
		{9C0F2A6E-1A94-42FA-ACE7-2D4854EB674D}.Rel-Final|Win32.ActiveCfg = Rel-Final|Win32
		{9C0F2A6E-1A94-42FA-ACE7-2D4854EB674D}.Rel-Final|Win32.Build.0 = Rel-Final|Win32
		{9C0F2A6E-1A94-42FA-ACE7-2D4854EB674D}.Rel-Profile|Win32.ActiveCfg = Rel-Profile|Win32
		{9C0F2A6E-1A94-42FA-ACE7-2D4854EB674D}.Rel-Profile|Win32.Build.0 = Rel-Profile|Win32
		{9C0F2A6E-1A94-42FA-ACE7-2D4854EB674D}.Rel-Small|Win32.ActiveCfg = Rel-Small|Win32
		{9C0F2A6E-1A94-42FA-ACE7-2D4854EB674D}.Rel-Small|Win32.Build.0 = Rel-Small|Win32
		{B1C699DC-4BA7-4FE8-AB4C-6A449084B094}.Dev-Debug|Win32.ActiveCfg = Dev-Debug|Win32
		{B1C699DC-4BA7-4FE8-AB4C-6A449084B094}.Dev-Debug|Win32.Build.0 = Dev-Debug|Win32
		{B1C699DC-4BA7-4FE8-AB4C-6A449084B094}.Dev-Opt|Win32.ActiveCfg = Dev-Opt|Win32
		{B1C699DC-4BA7-4FE8-AB4C-6A449084B094}.Dev-Opt|Win32.Build.0 = Dev-Opt|Win32
		{B1C699DC-4BA7-4FE8-AB4C-6A449084B094}.Rel-Debug|Win32.ActiveCfg = Rel-Debug|Win32
		{B1C699DC-4BA7-4FE8-AB4C-6A449084B094}.Rel-Debug|Win32.Build.0 = Rel-Debug|Win32
		{B1C699DC-4BA7-4FE8-AB4C-6A449084B094}.Rel-Final|Win32.ActiveCfg = Rel-Final|Win32
		{B1C699DC-4BA7-4FE8-AB4C-6A449084B094}.Rel-Final|Win32.Build.0 = Rel-Final|Win32
		{B1C699DC-4BA7-4FE8-AB4C-6A449084B094}.Rel-Profile|Win32.ActiveCfg = Rel-Profile|Win32
		{B1C699DC-4BA7-4FE8-AB4C-6A449084B094}.Rel-Profile|Win32.Build.0 = Rel-Profile|Win32
		{B1C699DC-4BA7-4FE8-AB4C-6A449084B094}.Rel-Small|Win32.ActiveCfg = Rel-Small|Win32
		{B1C699DC-4BA7-4FE8-AB4C-6A449084B094}.Rel-Small|Win32.Build.0 = Rel-Small|Win32
		{C375ED26-6288-4CD7-87E2-BE8306FA75A0}.Dev-Debug|Win32.ActiveCfg = Dev-Debug|Win32
		{C375ED26-6288-4CD7-87E2-BE8306FA75A0}.Dev-Debug|Win32.Build.0 = Dev-Debug|Win32
		{C375ED26-6288-4CD7-87E2-BE8306FA75A0}.Dev-Opt|Win32.ActiveCfg = Dev-Opt|Win32
		{C375ED26-6288-4CD7-87E2-BE8306FA75A0}.Dev-Opt|Win32.Build.0 = Dev-Opt|Win32
		{C375ED26-6288-4CD7-87E2-BE8306FA75A0}.Rel-Debug|Win32.ActiveCfg = Rel-Debug|Win32
		{C375ED26-6288-4CD7-87E2-BE8306FA75A0}.Rel-Debug|Win32.Build.0 = Rel-Debug|Win32
		{C375ED26-6288-4CD7-87E2-BE8306FA75A0}.Rel-Final|Win32.ActiveCfg = Rel-Final|Win32
		{C375ED26-6288-4CD7-87E2-BE8306FA75A0}.Rel-Final|Win32.Build.0 = Rel-Final|Win32
		{C375ED26-6288-4CD7-87E2-BE8306FA75A0}.Rel-Profile|Win32.ActiveCfg = Rel-Profile|Win32
		{C375ED26-6288-4CD7-87E2-BE8306FA75A0}.Rel-Profile|Win32.Build.0 = Rel-Profile|Win32
		{C375ED26-6288-4CD7-87E2-BE8306FA75A0}.Rel-Small|Win32.ActiveCfg = Rel-Small|Win32
		{C375ED26-6288-4CD7-87E2-BE8306FA75A0}.Rel-Small|Win32.Build.0 = Rel-Small|Win32
	EndGlobalSection
	GlobalSection(SolutionProperties) = preSolution
		HideSolutionNode = FALSE
	EndGlobalSection
	GlobalSection(NestedProjects) = preSolution
		{92FA566D-08A1-4C83-832B-C8D76BD1493B} = {F99F748E-94E2-4095-936C-60C7EE6B5B24}
		{B1169EA8-9728-4F43-B328-CD2002450798} = {F99F748E-94E2-4095-936C-60C7EE6B5B24}
		{98BF1395-48CE-4C98-8921-7890B74889AD} = {F99F748E-94E2-4095-936C-60C7EE6B5B24}
		{9C0F2A6E-1A94-42FA-ACE7-2D4854EB674D} = {F99F748E-94E2-4095-936C-60C7EE6B5B24}
		{B1C699DC-4BA7-4FE8-AB4C-6A449084B094} = {F99F748E-94E2-4095-936C-60C7EE6B5B24}
		{C375ED26-6288-4CD7-87E2-BE8306FA75A0} = {F99F748E-94E2-4095-936C-60C7EE6B5B24}
		{13712E99-DD06-4C3A-85AE-102B3654679E} = {03D32D76-AB97-4CB0-937A-FF17C86AB287}
		{C8DD5CB8-24C9-4BA1-BDA2-E096C0D8D83C} = {B460F7CD-5B6E-43D6-AD3D-FDC418941FF6}
		{CDBC735A-BBD9-48FA-AC97-3FDB4EC980F0} = {D4FCE857-57CA-42A4-87C5-4213385279F2}
	EndGlobalSection
	GlobalSection(PerforceSourceControlProviderSolutionProperties) = preSolution
		SolutionIsControlled = True
	EndGlobalSection
	GlobalSection(PerforceSourceControlProviderSolutionProperties) = preSolution
		SolutionIsControlled = True
	EndGlobalSection
	GlobalSection(PerforceSourceControlProviderSolutionProperties) = preSolution
		SolutionIsControlled = True
	EndGlobalSection
	GlobalSection(PerforceSourceControlProviderSolutionProperties) = preSolution
		SolutionIsControlled = True
	EndGlobalSection
	GlobalSection(PerforceSourceControlProviderSolutionProperties) = preSolution
		SolutionIsControlled = True
	EndGlobalSection
	GlobalSection(PerforceSourceControlProviderSolutionProperties) = preSolution
		SolutionIsControlled = True
	EndGlobalSection
	GlobalSection(PerforceSourceControlProviderSolutionProperties) = preSolution
		SolutionIsControlled = True
	EndGlobalSection
	GlobalSection(PerforceSourceControlProviderSolutionProperties) = preSolution
		SolutionIsControlled = True
	EndGlobalSection
	GlobalSection(PerforceSourceControlProviderSolutionProperties) = preSolution
		SolutionIsControlled = True
	EndGlobalSection
	GlobalSection(PerforceSourceControlProviderSolutionProperties) = preSolution
		SolutionIsControlled = True
	EndGlobalSection
	GlobalSection(PerforceSourceControlProviderSolutionProperties) = preSolution
		SolutionIsControlled = True
	EndGlobalSection
	GlobalSection(PerforceSourceControlProviderSolutionProperties) = preSolution
		SolutionIsControlled = True
	EndGlobalSection
	GlobalSection(PerforceSourceControlProviderSolutionProperties) = preSolution
		SolutionIsControlled = True
	EndGlobalSection
	GlobalSection(PerforceSourceControlProviderSolutionProperties) = preSolution
		SolutionIsControlled = True
	EndGlobalSection
EndGlobal
