<?xml version="1.0" encoding="utf-8"?>
<Project ToolsVersion="4.0" xmlns="http://schemas.microsoft.com/developer/msbuild/2003">
  <ItemGroup>
    <Filter Include="Include">
      <UniqueIdentifier>{93995380-89BD-4b04-88EB-625FBE52EBFB}</UniqueIdentifier>
      <Extensions>h;hpp;hxx;hm;inl;inc;xsd</Extensions>
    </Filter>
    <Filter Include="Source">
      <UniqueIdentifier>{4FC737F1-C7A5-4376-A066-2A32D752A2FF}</UniqueIdentifier>
      <Extensions>cpp;c;cc;cxx;def;odl;idl;hpj;bat;asm;asmx</Extensions>
    </Filter>
    <Filter Include="Include\Generator">
      <UniqueIdentifier>{d5d43321-a615-43f1-8eb8-66b5621c9b76}</UniqueIdentifier>
    </Filter>
    <Filter Include="Include\Operator">
      <UniqueIdentifier>{59bded39-60c6-4091-bdd7-ddcb996d3232}</UniqueIdentifier>
    </Filter>
    <Filter Include="Source\Generator">
      <UniqueIdentifier>{4168366e-618e-4877-b67d-827f7999ef2d}</UniqueIdentifier>
    </Filter>
    <Filter Include="Source\Operator">
      <UniqueIdentifier>{f48d5ea8-0206-4adf-9e23-7bf3341386a7}</UniqueIdentifier>
    </Filter>
    <Filter Include="Include\Shared">
      <UniqueIdentifier>{125bf539-0061-48a7-9c0b-e2afca4d3b89}</UniqueIdentifier>
    </Filter>
    <Filter Include="Include\Shared">
      <UniqueIdentifier>{b4d6772f-c17a-4038-9e8a-85b3d58332a4}</UniqueIdentifier>
    </Filter>
    <Filter Include="Include\Proxy">
      <UniqueIdentifier>{088be0be-da10-4047-9157-3bf2678f624f}</UniqueIdentifier>
    </Filter>
    <Filter Include="Source\Proxy">
      <UniqueIdentifier>{33dac05c-ac07-415f-8f1b-77f83261b057}</UniqueIdentifier>
    </Filter>
  </ItemGroup>
  <ItemGroup>
    <ClInclude Include="..\..\..\..\Include\Pegasus\Texture\Texture.h">
      <Filter>Include</Filter>
    </ClInclude>
    <ClInclude Include="..\..\..\..\Include\Pegasus\Texture\TextureData.h">
      <Filter>Include</Filter>
    </ClInclude>
    <ClInclude Include="..\..\..\..\Include\Pegasus\Texture\TextureGenerator.h">
      <Filter>Include</Filter>
    </ClInclude>
    <ClInclude Include="..\..\..\..\Include\Pegasus\Texture\TextureOperator.h">
      <Filter>Include</Filter>
    </ClInclude>
    <ClInclude Include="..\..\..\..\Include\Pegasus\Texture\Generator\ConstantColorGenerator.h">
      <Filter>Include\Generator</Filter>
    </ClInclude>
    <ClInclude Include="..\..\..\..\Include\Pegasus\Texture\Operator\AddOperator.h">
      <Filter>Include\Operator</Filter>
    </ClInclude>
    <ClInclude Include="..\..\..\..\Include\Pegasus\Texture\TextureConfiguration.h">
      <Filter>Include</Filter>
    </ClInclude>
    <ClInclude Include="..\..\..\..\Include\Pegasus\Texture\TextureManager.h">
      <Filter>Include</Filter>
    </ClInclude>
    <ClInclude Include="..\..\..\..\Include\Pegasus\Texture\TextureDeclaration.h">
      <Filter>Include</Filter>
    </ClInclude>
    <ClInclude Include="..\..\..\..\Include\Pegasus\Texture\Generator\GradientGenerator.h">
      <Filter>Include\Generator</Filter>
    </ClInclude>
    <ClInclude Include="..\..\..\..\Include\Pegasus\Texture\ITextureFactory.h">
      <Filter>Include</Filter>
    </ClInclude>
    <ClInclude Include="..\..\..\..\Include\Pegasus\Texture\Shared\TextureEvent.h">
      <Filter>Include\Shared</Filter>
    </ClInclude>
    <ClInclude Include="..\..\..\..\Include\Pegasus\Texture\Shared\ITextureManagerProxy.h">
      <Filter>Include\Shared</Filter>
    </ClInclude>
    <ClInclude Include="..\..\..\..\Include\Pegasus\Texture\Proxy\TextureManagerProxy.h">
      <Filter>Include\Proxy</Filter>
    </ClInclude>
    <ClInclude Include="..\..\..\..\Include\Pegasus\Texture\Proxy\TextureTracker.h">
      <Filter>Include\Proxy</Filter>
    </ClInclude>
    <ClInclude Include="..\..\..\..\Include\Pegasus\Texture\Shared\ITextureConfigurationProxy.h">
      <Filter>Include\Shared</Filter>
    </ClInclude>
    <ClInclude Include="..\..\..\..\Include\Pegasus\Texture\Proxy\TextureConfigurationProxy.h">
      <Filter>Include\Proxy</Filter>
    </ClInclude>
    <ClInclude Include="..\..\..\..\Include\Pegasus\Texture\Proxy\TextureGeneratorProxy.h">
      <Filter>Include</Filter>
    </ClInclude>
    <ClInclude Include="..\..\..\..\Include\Pegasus\Texture\Generator\PixelsGenerator.h">
      <Filter>Include\Generator</Filter>
    </ClInclude>
    <ClInclude Include="..\..\..\..\Include\Pegasus\Texture\Shared\ITextureNodeProxy.h">
      <Filter>Include\Shared</Filter>
    </ClInclude>
    <ClInclude Include="..\..\..\..\Include\Pegasus\Texture\Proxy\TextureNodeProxy.h">
      <Filter>Include\Proxy</Filter>
    </ClInclude>
  </ItemGroup>
  <ItemGroup>
    <ClCompile Include="..\..\..\..\Source\Pegasus\Texture\Texture.cpp">
      <Filter>Source</Filter>
    </ClCompile>
    <ClCompile Include="..\..\..\..\Source\Pegasus\Texture\TextureData.cpp">
      <Filter>Source</Filter>
    </ClCompile>
    <ClCompile Include="..\..\..\..\Source\Pegasus\Texture\TextureOperator.cpp">
      <Filter>Source</Filter>
    </ClCompile>
    <ClCompile Include="..\..\..\..\Source\Pegasus\Texture\TextureGenerator.cpp">
      <Filter>Source</Filter>
    </ClCompile>
    <ClCompile Include="..\..\..\..\Source\Pegasus\Texture\Generator\ConstantColorGenerator.cpp">
      <Filter>Source\Generator</Filter>
    </ClCompile>
    <ClCompile Include="..\..\..\..\Source\Pegasus\Texture\Operator\AddOperator.cpp">
      <Filter>Source\Operator</Filter>
    </ClCompile>
    <ClCompile Include="..\..\..\..\Source\Pegasus\Texture\TextureConfiguration.cpp">
      <Filter>Source</Filter>
    </ClCompile>
    <ClCompile Include="..\..\..\..\Source\Pegasus\Texture\TextureManager.cpp">
      <Filter>Source</Filter>
    </ClCompile>
    <ClCompile Include="..\..\..\..\Source\Pegasus\Texture\Generator\GradientGenerator.cpp">
      <Filter>Source\Generator</Filter>
    </ClCompile>
    <ClCompile Include="..\..\..\..\Source\Pegasus\Texture\Proxy\TextureManagerProxy.cpp">
      <Filter>Source\Proxy</Filter>
    </ClCompile>
    <ClCompile Include="..\..\..\..\Source\Pegasus\Texture\Proxy\TextureTracker.cpp">
      <Filter>Source\Proxy</Filter>
    </ClCompile>
    <ClCompile Include="..\..\..\..\Source\Pegasus\Texture\Proxy\TextureConfigurationProxy.cpp">
      <Filter>Source\Proxy</Filter>
    </ClCompile>
    <ClCompile Include="..\..\..\..\Source\Pegasus\Texture\Generator\PixelsGenerator.cpp">
      <Filter>Source\Generator</Filter>
    </ClCompile>
    <ClCompile Include="..\..\..\..\Source\Pegasus\Texture\Proxy\TextureNodeProxy.cpp">
      <Filter>Source\Proxy</Filter>
    </ClCompile>
  </ItemGroup>
</Project>