<?xml version="1.0" encoding="utf-8"?>
<Project ToolsVersion="4.0" xmlns="http://schemas.microsoft.com/developer/msbuild/2003">
  <ItemGroup>
    <Filter Include="Include">
      <UniqueIdentifier>{93995380-89BD-4b04-88EB-625FBE52EBFB}</UniqueIdentifier>
      <Extensions>h;hpp;hxx;hm;inl;inc;xsd</Extensions>
    </Filter>
    <Filter Include="Source">
      <UniqueIdentifier>{4FC737F1-C7A5-4376-A066-2A32D752A2FF}</UniqueIdentifier>
      <Extensions>cpp;c;cc;cxx;def;odl;idl;hpj;bat;asm;asmx</Extensions>
    </Filter>
  </ItemGroup>
  <ItemGroup>
    <ClInclude Include="..\..\..\Include\Pegasus\Pegasus.h">
      <Filter>Include</Filter>
    </ClInclude>
    <ClInclude Include="..\..\..\Include\Pegasus\Preprocessor.h">
      <Filter>Include</Filter>
    </ClInclude>
    <ClInclude Include="..\..\..\Include\Pegasus\AppExport.h">
      <Filter>Include</Filter>
    </ClInclude>
    <ClInclude Include="..\..\..\Include\Pegasus\Version.h">
      <Filter>Include</Filter>
    </ClInclude>
    <ClInclude Include="..\..\..\Include\Pegasus\PegasusInternal.h">
      <Filter>Include</Filter>
    </ClInclude>
    <ClInclude Include="..\..\..\Include\Pegasus\PegasusAssetTypes.h">
      <Filter>Include</Filter>
    </ClInclude>
  </ItemGroup>
  <ItemGroup>
    <ClCompile Include="..\..\..\Source\Pegasus\Version.cpp">
      <Filter>Source</Filter>
    </ClCompile>
    <ClCompile Include="..\..\..\Source\Pegasus\PegasusAssetTypes.cpp">
      <Filter>Source</Filter>
    </ClCompile>
  </ItemGroup>
  <ItemGroup>
    <None Include="..\..\..\Include\Pegasus\PegasusAssetTypes.inl">
      <Filter>Include</Filter>
    </None>
  </ItemGroup>
</Project>