<?xml version="1.0" encoding="utf-8"?>
<Project ToolsVersion="4.0" xmlns="http://schemas.microsoft.com/developer/msbuild/2003">
  <ItemGroup>
    <Filter Include="Source Files">
      <UniqueIdentifier>{4FC737F1-C7A5-4376-A066-2A32D752A2FF}</UniqueIdentifier>
      <Extensions>cpp;c;cc;cxx;def;odl;idl;hpj;bat;asm;asmx</Extensions>
    </Filter>
    <Filter Include="Header Files">
      <UniqueIdentifier>{93995380-89BD-4b04-88EB-625FBE52EBFB}</UniqueIdentifier>
      <Extensions>h;hpp;hxx;hm;inl;inc;xsd</Extensions>
    </Filter>
    <Filter Include="Resource Files">
      <UniqueIdentifier>{67DA6AB6-F800-4c08-8B7A-83BB121AAD01}</UniqueIdentifier>
      <Extensions>rc;ico;cur;bmp;dlg;rc2;rct;bin;rgs;gif;jpg;jpeg;jpe;resx;tiff;tif;png;wav;mfcribbon-ms</Extensions>
    </Filter>
    <Filter Include="Source Files\Platform">
      <UniqueIdentifier>{f428ba24-9ff7-43c4-94a1-4f903695cb7b}</UniqueIdentifier>
    </Filter>
    <Filter Include="Header Files\Shared">
      <UniqueIdentifier>{dbf2f810-72e3-44dc-9a2d-211f5f7303a0}</UniqueIdentifier>
    </Filter>
  </ItemGroup>
  <ItemGroup>
    <ClInclude Include="..\..\..\..\Include\Pegasus\Application\Application.h">
      <Filter>Header Files</Filter>
    </ClInclude>
    <ClInclude Include="..\..\..\..\Source\Pegasus\Application\Platform\Application_Win32.h">
      <Filter>Source Files\Platform</Filter>
    </ClInclude>
    <ClInclude Include="..\..\..\..\Include\Pegasus\Application\Shared\IApplicationProxy.h">
      <Filter>Header Files\Shared</Filter>
    </ClInclude>
    <ClInclude Include="..\..\..\..\Include\Pegasus\Application\Shared\ApplicationConfig.h">
      <Filter>Header Files\Shared</Filter>
    </ClInclude>
    <ClInclude Include="..\..\..\..\Include\Pegasus\Application\ApplicationProxy.h">
      <Filter>Header Files</Filter>
    </ClInclude>
    <ClInclude Include="..\..\..\..\Include\Pegasus\Application\AppWindowManager.h">
      <Filter>Header Files</Filter>
    </ClInclude>
    <ClInclude Include="..\..\..\..\Include\Pegasus\Application\IWindowRegistry.h">
      <Filter>Header Files</Filter>
    </ClInclude>
  </ItemGroup>
  <ItemGroup>
    <ClCompile Include="..\..\..\..\Source\Pegasus\Application\Platform\Application_Win32.cpp">
      <Filter>Source Files\Platform</Filter>
    </ClCompile>
    <ClCompile Include="..\..\..\..\Source\Pegasus\Application\Application.cpp">
      <Filter>Source Files</Filter>
    </ClCompile>
    <ClCompile Include="..\..\..\..\Source\Pegasus\Application\ApplicationProxy.cpp">
      <Filter>Source Files</Filter>
    </ClCompile>
    <ClCompile Include="..\..\..\..\Source\Pegasus\Application\Platform\Launcher_Win32.cpp">
      <Filter>Source Files\Platform</Filter>
    </ClCompile>
    <ClCompile Include="..\..\..\..\Source\Pegasus\Application\AppWindowManager.cpp">
      <Filter>Source Files</Filter>
    </ClCompile>
  </ItemGroup>
</Project>