<?xml version="1.0" encoding="utf-8"?>
<Project ToolsVersion="4.0" xmlns="http://schemas.microsoft.com/developer/msbuild/2003">
  <ItemGroup>
    <Filter Include="Include">
      <UniqueIdentifier>{93995380-89BD-4b04-88EB-625FBE52EBFB}</UniqueIdentifier>
      <Extensions>h;hpp;hxx;hm;inl;inc;xsd</Extensions>
    </Filter>
    <Filter Include="Source">
      <UniqueIdentifier>{4FC737F1-C7A5-4376-A066-2A32D752A2FF}</UniqueIdentifier>
      <Extensions>cpp;c;cc;cxx;def;odl;idl;hpj;bat;asm;asmx</Extensions>
    </Filter>
    <Filter Include="Include\Shared">
      <UniqueIdentifier>{5ee830ce-e8cf-4be2-bdd6-13c295ff0175}</UniqueIdentifier>
    </Filter>
    <Filter Include="Include\Proxy">
      <UniqueIdentifier>{bed17668-9676-419c-8cea-1e52c08e9ce0}</UniqueIdentifier>
    </Filter>
    <Filter Include="Source\Proxy">
      <UniqueIdentifier>{2431de4f-51c4-44bd-bc20-f547380b5330}</UniqueIdentifier>
    </Filter>
  </ItemGroup>
  <ItemGroup>
    <ClInclude Include="..\..\..\..\Include\Pegasus\PropertyGrid\PropertyGrid.h">
      <Filter>Include</Filter>
    </ClInclude>
    <ClInclude Include="..\..\..\..\Include\Pegasus\PropertyGrid\PropertyGridManager.h">
      <Filter>Include</Filter>
    </ClInclude>
    <ClInclude Include="..\..\..\..\Include\Pegasus\PropertyGrid\PropertyGridClassInfo.h">
      <Filter>Include</Filter>
    </ClInclude>
    <ClInclude Include="..\..\..\..\Include\Pegasus\PropertyGrid\Property.h">
      <Filter>Include</Filter>
    </ClInclude>
    <ClInclude Include="..\..\..\..\Include\Pegasus\PropertyGrid\PropertyGridStaticAllocator.h">
      <Filter>Include</Filter>
    </ClInclude>
    <ClInclude Include="..\..\..\..\Include\Pegasus\PropertyGrid\PropertyGridObject.h">
      <Filter>Include</Filter>
    </ClInclude>
    <ClInclude Include="..\..\..\..\Include\Pegasus\PropertyGrid\Shared\IPropertyGridManagerProxy.h">
      <Filter>Include\Shared</Filter>
    </ClInclude>
    <ClInclude Include="..\..\..\..\Include\Pegasus\PropertyGrid\Shared\IPropertyGridClassInfoProxy.h">
      <Filter>Include\Shared</Filter>
    </ClInclude>
    <ClInclude Include="..\..\..\..\Include\Pegasus\PropertyGrid\Shared\PropertyDefs.h">
      <Filter>Include\Shared</Filter>
    </ClInclude>
    <ClInclude Include="..\..\..\..\Include\Pegasus\PropertyGrid\Proxy\PropertyGridClassInfoProxy.h">
      <Filter>Include\Proxy</Filter>
    </ClInclude>
    <ClInclude Include="..\..\..\..\Include\Pegasus\PropertyGrid\Proxy\PropertyGridManagerProxy.h">
      <Filter>Include\Proxy</Filter>
    </ClInclude>
    <ClInclude Include="..\..\..\..\Include\Pegasus\PropertyGrid\PropertyGridEnumType.h">
      <Filter>Include</Filter>
    </ClInclude>
    <ClInclude Include="..\..\..\..\Include\Pegasus\PropertyGrid\Shared\IPropertyGridEnumTypeInfo.h">
      <Filter>Include\Shared</Filter>
    </ClInclude>
    <ClInclude Include="..\..\..\..\Include\Pegasus\PropertyGrid\Proxy\PropertyGridEnumTypeInfo.h">
      <Filter>Include\Proxy</Filter>
    </ClInclude>
    <ClInclude Include="..\..\..\..\Include\Pegasus\PropertyGrid\Proxy\PropertyGridObjectProxy.h">
      <Filter>Include\Proxy</Filter>
    </ClInclude>
    <ClInclude Include="..\..\..\..\Include\Pegasus\PropertyGrid\Shared\IPropertyGridObjectProxy.h">
      <Filter>Include\Shared</Filter>
    </ClInclude>
  </ItemGroup>
  <ItemGroup>
    <ClCompile Include="..\..\..\..\Source\Pegasus\PropertyGrid\PropertyGrid.cpp">
      <Filter>Source</Filter>
    </ClCompile>
    <ClCompile Include="..\..\..\..\Source\Pegasus\PropertyGrid\PropertyGridManager.cpp">
      <Filter>Source</Filter>
    </ClCompile>
    <ClCompile Include="..\..\..\..\Source\Pegasus\PropertyGrid\PropertyGridClassInfo.cpp">
      <Filter>Source</Filter>
    </ClCompile>
    <ClCompile Include="..\..\..\..\Source\Pegasus\PropertyGrid\PropertyGridStaticAllocator.cpp">
      <Filter>Source</Filter>
    </ClCompile>
    <ClCompile Include="..\..\..\..\Source\Pegasus\PropertyGrid\PropertyGridObject.cpp">
      <Filter>Source</Filter>
    </ClCompile>
    <ClCompile Include="..\..\..\..\Source\Pegasus\PropertyGrid\Proxy\PropertyGridClassInfoProxy.cpp">
      <Filter>Source\Proxy</Filter>
    </ClCompile>
    <ClCompile Include="..\..\..\..\Source\Pegasus\PropertyGrid\Proxy\PropertyGridManagerProxy.cpp">
      <Filter>Source\Proxy</Filter>
    </ClCompile>
    <ClCompile Include="..\..\..\..\Source\Pegasus\PropertyGrid\PropertyGridEnumType.cpp">
      <Filter>Source</Filter>
    </ClCompile>
    <ClCompile Include="..\..\..\..\Source\Pegasus\PropertyGrid\Proxy\PropertyGridEnumTypeInfo.cpp">
      <Filter>Source\Proxy</Filter>
    </ClCompile>
    <ClCompile Include="..\..\..\..\Source\Pegasus\PropertyGrid\Proxy\PropertyGridObjectProxy.cpp">
      <Filter>Source\Proxy</Filter>
    </ClCompile>
  </ItemGroup>
</Project>
