<?xml version="1.0" encoding="utf-8"?>
<Project ToolsVersion="4.0" xmlns="http://schemas.microsoft.com/developer/msbuild/2003">
  <ItemGroup>
    <Filter Include="Include">
      <UniqueIdentifier>{93995380-89BD-4b04-88EB-625FBE52EBFB}</UniqueIdentifier>
      <Extensions>h;hpp;hxx;hm;inl;inc;xsd</Extensions>
    </Filter>
    <Filter Include="Source">
      <UniqueIdentifier>{4FC737F1-C7A5-4376-A066-2A32D752A2FF}</UniqueIdentifier>
      <Extensions>cpp;c;cc;cxx;def;odl;idl;hpj;bat;asm;asmx</Extensions>
    </Filter>
    <Filter Include="Include\Camera">
      <UniqueIdentifier>{b7a14a31-18ed-413a-ab42-5fb9ca7dfa43}</UniqueIdentifier>
    </Filter>
    <Filter Include="Source\Camera">
      <UniqueIdentifier>{1deb6329-8a56-4a32-a78f-b9577ff713b1}</UniqueIdentifier>
    </Filter>
  </ItemGroup>
  <ItemGroup>
    <ClInclude Include="..\..\..\..\Include\Pegasus\TimelineBlock\Camera\CameraLineBlock.h">
      <Filter>Include\Camera</Filter>
    </ClInclude>
    <ClInclude Include="..\..\..\..\Include\Pegasus\TimelineBlock\TimelineBlockRegistration.h">
      <Filter>Include</Filter>
    </ClInclude>
  </ItemGroup>
  <ItemGroup>
    <ClCompile Include="..\..\..\..\Source\Pegasus\TimelineBlock\Camera\CameraLineBlock.cpp">
      <Filter>Source\Camera</Filter>
    </ClCompile>
    <ClCompile Include="..\..\..\..\Source\Pegasus\TimelineBlock\TimelineBlockRegistration.cpp">
      <Filter>Source</Filter>
    </ClCompile>
  </ItemGroup>
</Project>