<?xml version="1.0" encoding="utf-8"?>
<Project ToolsVersion="4.0" xmlns="http://schemas.microsoft.com/developer/msbuild/2003">
  <ItemGroup>
    <Filter Include="Include">
      <UniqueIdentifier>{93995380-89BD-4b04-88EB-625FBE52EBFB}</UniqueIdentifier>
      <Extensions>h;hpp;hxx;hm;inl;inc;xsd</Extensions>
    </Filter>
    <Filter Include="Include\Shared">
      <UniqueIdentifier>{b7c9cfa4-900b-4806-8947-af3013be6908}</UniqueIdentifier>
    </Filter>
    <Filter Include="Source">
      <UniqueIdentifier>{4FC737F1-C7A5-4376-A066-2A32D752A2FF}</UniqueIdentifier>
      <Extensions>cpp;c;cc;cxx;def;odl;idl;hpj;bat;asm;asmx</Extensions>
    </Filter>
    <Filter Include="Source\Platform">
      <UniqueIdentifier>{922e6b8b-60b7-4cd9-a057-f0627781a916}</UniqueIdentifier>
    </Filter>
  </ItemGroup>
  <ItemGroup>
    <ClInclude Include="..\..\..\..\Include\Pegasus\Window\Window.h">
      <Filter>Include</Filter>
    </ClInclude>
    <ClInclude Include="..\..\..\..\Source\Pegasus\Window\Platform\Window_Win32.h">
      <Filter>Source\Platform</Filter>
    </ClInclude>
    <ClInclude Include="..\..\..\..\Include\Pegasus\Window\Shared\WindowConfig.h">
      <Filter>Include\Shared</Filter>
    </ClInclude>
    <ClInclude Include="..\..\..\..\Include\Pegasus\Window\Shared\IWindowProxy.h">
      <Filter>Include\Shared</Filter>
    </ClInclude>
    <ClInclude Include="..\..\..\..\Include\Pegasus\Window\WindowProxy.h">
      <Filter>Include</Filter>
    </ClInclude>
    <ClInclude Include="..\..\..\..\Source\Pegasus\Window\IWindowImpl.h">
      <Filter>Source</Filter>
    </ClInclude>
    <ClInclude Include="..\..\..\..\Source\Pegasus\Window\IWindowMessageHandler.h">
      <Filter>Source</Filter>
    </ClInclude>
  </ItemGroup>
  <ItemGroup>
    <ClCompile Include="..\..\..\..\Source\Pegasus\Window\Platform\Window_Win32.cpp">
      <Filter>Source\Platform</Filter>
    </ClCompile>
    <ClCompile Include="..\..\..\..\Source\Pegasus\Window\Window.cpp">
      <Filter>Source</Filter>
    </ClCompile>
    <ClCompile Include="..\..\..\..\Source\Pegasus\Window\WindowProxy.cpp">
      <Filter>Source</Filter>
    </ClCompile>
  </ItemGroup>
</Project>