
Microsoft Visual Studio Solution File, Format Version 12.00
# Visual Studio 14
VisualStudioVersion = 14.0.25420.1
MinimumVisualStudioVersion = 10.0.40219.1
Project("{2150E333-8FDC-42A3-9474-1A3956D46DE8}") = "Pegasus", "Pegasus", "{F99F748E-94E2-4095-936C-60C7EE6B5B24}"
EndProject
Project("{2150E333-8FDC-42A3-9474-1A3956D46DE8}") = "Editor", "Editor", "{03D32D76-AB97-4CB0-937A-FF17C86AB287}"
EndProject
Project("{2150E333-8FDC-42A3-9474-1A3956D46DE8}") = "Launcher", "Launcher", "{B460F7CD-5B6E-43D6-AD3D-FDC418941FF6}"
EndProject
Project("{8BC9CEB8-8B4A-11D0-8D11-00A0C91BC942}") = "Core", "Pegasus\Core\Core.vcxproj", "{92FA566D-08A1-4C83-832B-C8D76BD1493B}"
	ProjectSection(ProjectDependencies) = postProject
		{5EF7D063-1BE9-4C85-AFB4-94D4D35CBC52} = {5EF7D063-1BE9-4C85-AFB4-94D4D35CBC52}
	EndProjectSection
EndProject
Project("{8BC9CEB8-8B4A-11D0-8D11-00A0C91BC942}") = "Render", "Pegasus\Render\Render.vcxproj", "{B1169EA8-9728-4F43-B328-CD2002450798}"
	ProjectSection(ProjectDependencies) = postProject
		{C375ED26-6288-4CD7-87E2-BE8306FA75A0} = {C375ED26-6288-4CD7-87E2-BE8306FA75A0}
		{BA2E1F5A-9319-4976-B043-B762D7E074E9} = {BA2E1F5A-9319-4976-B043-B762D7E074E9}
		{5EF7D063-1BE9-4C85-AFB4-94D4D35CBC52} = {5EF7D063-1BE9-4C85-AFB4-94D4D35CBC52}
		{3C97026D-B001-4B3A-944C-05C500905F07} = {3C97026D-B001-4B3A-944C-05C500905F07}
		{92FA566D-08A1-4C83-832B-C8D76BD1493B} = {92FA566D-08A1-4C83-832B-C8D76BD1493B}
		{13AFD782-33A5-4718-AEE8-5390E6918255} = {13AFD782-33A5-4718-AEE8-5390E6918255}
		{8AD3BC97-CABA-48D1-B0FD-79CB17CD1F82} = {8AD3BC97-CABA-48D1-B0FD-79CB17CD1F82}
		{7E315CA4-D7D2-441F-8569-2523ECF83075} = {7E315CA4-D7D2-441F-8569-2523ECF83075}
		{74B6C6B7-A176-4DA4-93B8-77CB715AB388} = {74B6C6B7-A176-4DA4-93B8-77CB715AB388}
		{E8AE89D0-522F-4C00-A924-CD35F6DB6377} = {E8AE89D0-522F-4C00-A924-CD35F6DB6377}
	EndProjectSection
EndProject
Project("{8BC9CEB8-8B4A-11D0-8D11-00A0C91BC942}") = "Pegasus", "Pegasus\Pegasus.vcxproj", "{98BF1395-48CE-4C98-8921-7890B74889AD}"
	ProjectSection(ProjectDependencies) = postProject
		{2FD5A50D-FE0D-460E-9432-7F136B668D44} = {2FD5A50D-FE0D-460E-9432-7F136B668D44}
		{6BFF7812-D698-42F9-9F0F-B77348A9C723} = {6BFF7812-D698-42F9-9F0F-B77348A9C723}
		{C375ED26-6288-4CD7-87E2-BE8306FA75A0} = {C375ED26-6288-4CD7-87E2-BE8306FA75A0}
		{399CC639-4276-42BB-BF88-4A985E28700D} = {399CC639-4276-42BB-BF88-4A985E28700D}
		{BA2E1F5A-9319-4976-B043-B762D7E074E9} = {BA2E1F5A-9319-4976-B043-B762D7E074E9}
		{5EF7D063-1BE9-4C85-AFB4-94D4D35CBC52} = {5EF7D063-1BE9-4C85-AFB4-94D4D35CBC52}
		{3C97026D-B001-4B3A-944C-05C500905F07} = {3C97026D-B001-4B3A-944C-05C500905F07}
		{92FA566D-08A1-4C83-832B-C8D76BD1493B} = {92FA566D-08A1-4C83-832B-C8D76BD1493B}
		{019F596D-8D2A-4A1C-8560-5C412F8ACF9F} = {019F596D-8D2A-4A1C-8560-5C412F8ACF9F}
		{9C0F2A6E-1A94-42FA-ACE7-2D4854EB674D} = {9C0F2A6E-1A94-42FA-ACE7-2D4854EB674D}
		{13AFD782-33A5-4718-AEE8-5390E6918255} = {13AFD782-33A5-4718-AEE8-5390E6918255}
		{8AD3BC97-CABA-48D1-B0FD-79CB17CD1F82} = {8AD3BC97-CABA-48D1-B0FD-79CB17CD1F82}
		{7E315CA4-D7D2-441F-8569-2523ECF83075} = {7E315CA4-D7D2-441F-8569-2523ECF83075}
		{B1169EA8-9728-4F43-B328-CD2002450798} = {B1169EA8-9728-4F43-B328-CD2002450798}
		{CD84B0AD-380B-41C9-B351-618F99B06DD9} = {CD84B0AD-380B-41C9-B351-618F99B06DD9}
		{74B6C6B7-A176-4DA4-93B8-77CB715AB388} = {74B6C6B7-A176-4DA4-93B8-77CB715AB388}
		{765509B9-C3BC-4983-8813-D397D1340231} = {765509B9-C3BC-4983-8813-D397D1340231}
		{E8AE89D0-522F-4C00-A924-CD35F6DB6377} = {E8AE89D0-522F-4C00-A924-CD35F6DB6377}
		{B1C699DC-4BA7-4FE8-AB4C-6A449084B094} = {B1C699DC-4BA7-4FE8-AB4C-6A449084B094}
	EndProjectSection
EndProject
Project("{8BC9CEB8-8B4A-11D0-8D11-00A0C91BC942}") = "Editor", "Editor\Editor.vcxproj", "{13712E99-DD06-4C3A-85AE-102B3654679E}"
	ProjectSection(ProjectDependencies) = postProject
		{CDBC735A-BBD9-48FA-AC97-3FDB4EC980F0} = {CDBC735A-BBD9-48FA-AC97-3FDB4EC980F0}
	EndProjectSection
EndProject
Project("{8BC9CEB8-8B4A-11D0-8D11-00A0C91BC942}") = "Launcher", "Launcher\Launcher.vcxproj", "{C8DD5CB8-24C9-4BA1-BDA2-E096C0D8D83C}"
	ProjectSection(ProjectDependencies) = postProject
		{019F596D-8D2A-4A1C-8560-5C412F8ACF9F} = {019F596D-8D2A-4A1C-8560-5C412F8ACF9F}
		{98BF1395-48CE-4C98-8921-7890B74889AD} = {98BF1395-48CE-4C98-8921-7890B74889AD}
	EndProjectSection
EndProject
Project("{2150E333-8FDC-42A3-9474-1A3956D46DE8}") = "Apps", "Apps", "{D4FCE857-57CA-42A4-87C5-4213385279F2}"
EndProject
Project("{8BC9CEB8-8B4A-11D0-8D11-00A0C91BC942}") = "TestApp1", "Apps\TestApp1\TestApp1.vcxproj", "{CDBC735A-BBD9-48FA-AC97-3FDB4EC980F0}"
	ProjectSection(ProjectDependencies) = postProject
		{98BF1395-48CE-4C98-8921-7890B74889AD} = {98BF1395-48CE-4C98-8921-7890B74889AD}
		{C8DD5CB8-24C9-4BA1-BDA2-E096C0D8D83C} = {C8DD5CB8-24C9-4BA1-BDA2-E096C0D8D83C}
	EndProjectSection
EndProject
Project("{8BC9CEB8-8B4A-11D0-8D11-00A0C91BC942}") = "Window", "Pegasus\Window\Window.vcxproj", "{9C0F2A6E-1A94-42FA-ACE7-2D4854EB674D}"
	ProjectSection(ProjectDependencies) = postProject
		{5EF7D063-1BE9-4C85-AFB4-94D4D35CBC52} = {5EF7D063-1BE9-4C85-AFB4-94D4D35CBC52}
		{92FA566D-08A1-4C83-832B-C8D76BD1493B} = {92FA566D-08A1-4C83-832B-C8D76BD1493B}
		{8AD3BC97-CABA-48D1-B0FD-79CB17CD1F82} = {8AD3BC97-CABA-48D1-B0FD-79CB17CD1F82}
		{B1169EA8-9728-4F43-B328-CD2002450798} = {B1169EA8-9728-4F43-B328-CD2002450798}
	EndProjectSection
EndProject
Project("{8BC9CEB8-8B4A-11D0-8D11-00A0C91BC942}") = "Application", "Pegasus\Application\Application.vcxproj", "{B1C699DC-4BA7-4FE8-AB4C-6A449084B094}"
	ProjectSection(ProjectDependencies) = postProject
		{2FD5A50D-FE0D-460E-9432-7F136B668D44} = {2FD5A50D-FE0D-460E-9432-7F136B668D44}
		{6BFF7812-D698-42F9-9F0F-B77348A9C723} = {6BFF7812-D698-42F9-9F0F-B77348A9C723}
		{C375ED26-6288-4CD7-87E2-BE8306FA75A0} = {C375ED26-6288-4CD7-87E2-BE8306FA75A0}
		{399CC639-4276-42BB-BF88-4A985E28700D} = {399CC639-4276-42BB-BF88-4A985E28700D}
		{BA2E1F5A-9319-4976-B043-B762D7E074E9} = {BA2E1F5A-9319-4976-B043-B762D7E074E9}
		{5EF7D063-1BE9-4C85-AFB4-94D4D35CBC52} = {5EF7D063-1BE9-4C85-AFB4-94D4D35CBC52}
		{3C97026D-B001-4B3A-944C-05C500905F07} = {3C97026D-B001-4B3A-944C-05C500905F07}
		{92FA566D-08A1-4C83-832B-C8D76BD1493B} = {92FA566D-08A1-4C83-832B-C8D76BD1493B}
		{9C0F2A6E-1A94-42FA-ACE7-2D4854EB674D} = {9C0F2A6E-1A94-42FA-ACE7-2D4854EB674D}
		{13AFD782-33A5-4718-AEE8-5390E6918255} = {13AFD782-33A5-4718-AEE8-5390E6918255}
		{8AD3BC97-CABA-48D1-B0FD-79CB17CD1F82} = {8AD3BC97-CABA-48D1-B0FD-79CB17CD1F82}
		{7E315CA4-D7D2-441F-8569-2523ECF83075} = {7E315CA4-D7D2-441F-8569-2523ECF83075}
		{B1169EA8-9728-4F43-B328-CD2002450798} = {B1169EA8-9728-4F43-B328-CD2002450798}
		{CD84B0AD-380B-41C9-B351-618F99B06DD9} = {CD84B0AD-380B-41C9-B351-618F99B06DD9}
		{74B6C6B7-A176-4DA4-93B8-77CB715AB388} = {74B6C6B7-A176-4DA4-93B8-77CB715AB388}
		{765509B9-C3BC-4983-8813-D397D1340231} = {765509B9-C3BC-4983-8813-D397D1340231}
		{E8AE89D0-522F-4C00-A924-CD35F6DB6377} = {E8AE89D0-522F-4C00-A924-CD35F6DB6377}
	EndProjectSection
EndProject
Project("{8BC9CEB8-8B4A-11D0-8D11-00A0C91BC942}") = "Math", "Pegasus\Math\Math.vcxproj", "{C375ED26-6288-4CD7-87E2-BE8306FA75A0}"
	ProjectSection(ProjectDependencies) = postProject
		{92FA566D-08A1-4C83-832B-C8D76BD1493B} = {92FA566D-08A1-4C83-832B-C8D76BD1493B}
	EndProjectSection
EndProject
Project("{8BC9CEB8-8B4A-11D0-8D11-00A0C91BC942}") = "Memory", "Pegasus\Memory\Memory.vcxproj", "{8AD3BC97-CABA-48D1-B0FD-79CB17CD1F82}"
	ProjectSection(ProjectDependencies) = postProject
		{5EF7D063-1BE9-4C85-AFB4-94D4D35CBC52} = {5EF7D063-1BE9-4C85-AFB4-94D4D35CBC52}
		{92FA566D-08A1-4C83-832B-C8D76BD1493B} = {92FA566D-08A1-4C83-832B-C8D76BD1493B}
	EndProjectSection
EndProject
Project("{8BC9CEB8-8B4A-11D0-8D11-00A0C91BC942}") = "Shader", "Pegasus\Shader\Shader.vcxproj", "{13AFD782-33A5-4718-AEE8-5390E6918255}"
	ProjectSection(ProjectDependencies) = postProject
		{C375ED26-6288-4CD7-87E2-BE8306FA75A0} = {C375ED26-6288-4CD7-87E2-BE8306FA75A0}
		{5EF7D063-1BE9-4C85-AFB4-94D4D35CBC52} = {5EF7D063-1BE9-4C85-AFB4-94D4D35CBC52}
		{3C97026D-B001-4B3A-944C-05C500905F07} = {3C97026D-B001-4B3A-944C-05C500905F07}
		{92FA566D-08A1-4C83-832B-C8D76BD1493B} = {92FA566D-08A1-4C83-832B-C8D76BD1493B}
		{74B6C6B7-A176-4DA4-93B8-77CB715AB388} = {74B6C6B7-A176-4DA4-93B8-77CB715AB388}
	EndProjectSection
EndProject
Project("{8BC9CEB8-8B4A-11D0-8D11-00A0C91BC942}") = "Graph", "Pegasus\Graph\Graph.vcxproj", "{74B6C6B7-A176-4DA4-93B8-77CB715AB388}"
	ProjectSection(ProjectDependencies) = postProject
		{C375ED26-6288-4CD7-87E2-BE8306FA75A0} = {C375ED26-6288-4CD7-87E2-BE8306FA75A0}
		{5EF7D063-1BE9-4C85-AFB4-94D4D35CBC52} = {5EF7D063-1BE9-4C85-AFB4-94D4D35CBC52}
		{3C97026D-B001-4B3A-944C-05C500905F07} = {3C97026D-B001-4B3A-944C-05C500905F07}
		{92FA566D-08A1-4C83-832B-C8D76BD1493B} = {92FA566D-08A1-4C83-832B-C8D76BD1493B}
		{8AD3BC97-CABA-48D1-B0FD-79CB17CD1F82} = {8AD3BC97-CABA-48D1-B0FD-79CB17CD1F82}
		{E8AE89D0-522F-4C00-A924-CD35F6DB6377} = {E8AE89D0-522F-4C00-A924-CD35F6DB6377}
	EndProjectSection
EndProject
Project("{8BC9CEB8-8B4A-11D0-8D11-00A0C91BC942}") = "Texture", "Pegasus\Texture\Texture.vcxproj", "{7E315CA4-D7D2-441F-8569-2523ECF83075}"
	ProjectSection(ProjectDependencies) = postProject
		{C375ED26-6288-4CD7-87E2-BE8306FA75A0} = {C375ED26-6288-4CD7-87E2-BE8306FA75A0}
		{399CC639-4276-42BB-BF88-4A985E28700D} = {399CC639-4276-42BB-BF88-4A985E28700D}
		{5EF7D063-1BE9-4C85-AFB4-94D4D35CBC52} = {5EF7D063-1BE9-4C85-AFB4-94D4D35CBC52}
		{3C97026D-B001-4B3A-944C-05C500905F07} = {3C97026D-B001-4B3A-944C-05C500905F07}
		{92FA566D-08A1-4C83-832B-C8D76BD1493B} = {92FA566D-08A1-4C83-832B-C8D76BD1493B}
		{8AD3BC97-CABA-48D1-B0FD-79CB17CD1F82} = {8AD3BC97-CABA-48D1-B0FD-79CB17CD1F82}
		{74B6C6B7-A176-4DA4-93B8-77CB715AB388} = {74B6C6B7-A176-4DA4-93B8-77CB715AB388}
		{E8AE89D0-522F-4C00-A924-CD35F6DB6377} = {E8AE89D0-522F-4C00-A924-CD35F6DB6377}
	EndProjectSection
EndProject
Project("{8BC9CEB8-8B4A-11D0-8D11-00A0C91BC942}") = "Allocator", "Pegasus\Allocator\Allocator.vcxproj", "{5EF7D063-1BE9-4C85-AFB4-94D4D35CBC52}"
EndProject
Project("{8BC9CEB8-8B4A-11D0-8D11-00A0C91BC942}") = "Timeline", "Pegasus\Timeline\Timeline.vcxproj", "{CD84B0AD-380B-41C9-B351-618F99B06DD9}"
	ProjectSection(ProjectDependencies) = postProject
		{6BFF7812-D698-42F9-9F0F-B77348A9C723} = {6BFF7812-D698-42F9-9F0F-B77348A9C723}
		{C375ED26-6288-4CD7-87E2-BE8306FA75A0} = {C375ED26-6288-4CD7-87E2-BE8306FA75A0}
		{399CC639-4276-42BB-BF88-4A985E28700D} = {399CC639-4276-42BB-BF88-4A985E28700D}
		{5EF7D063-1BE9-4C85-AFB4-94D4D35CBC52} = {5EF7D063-1BE9-4C85-AFB4-94D4D35CBC52}
		{3C97026D-B001-4B3A-944C-05C500905F07} = {3C97026D-B001-4B3A-944C-05C500905F07}
		{92FA566D-08A1-4C83-832B-C8D76BD1493B} = {92FA566D-08A1-4C83-832B-C8D76BD1493B}
		{9C0F2A6E-1A94-42FA-ACE7-2D4854EB674D} = {9C0F2A6E-1A94-42FA-ACE7-2D4854EB674D}
		{74B6C6B7-A176-4DA4-93B8-77CB715AB388} = {74B6C6B7-A176-4DA4-93B8-77CB715AB388}
	EndProjectSection
EndProject
Project("{8BC9CEB8-8B4A-11D0-8D11-00A0C91BC942}") = "Utils", "Pegasus\Utils\Utils.vcxproj", "{E8AE89D0-522F-4C00-A924-CD35F6DB6377}"
	ProjectSection(ProjectDependencies) = postProject
		{C375ED26-6288-4CD7-87E2-BE8306FA75A0} = {C375ED26-6288-4CD7-87E2-BE8306FA75A0}
		{5EF7D063-1BE9-4C85-AFB4-94D4D35CBC52} = {5EF7D063-1BE9-4C85-AFB4-94D4D35CBC52}
		{92FA566D-08A1-4C83-832B-C8D76BD1493B} = {92FA566D-08A1-4C83-832B-C8D76BD1493B}
	EndProjectSection
EndProject
Project("{8BC9CEB8-8B4A-11D0-8D11-00A0C91BC942}") = "UnitTests", "Pegasus\UnitTests\UnitTests.vcxproj", "{019F596D-8D2A-4A1C-8560-5C412F8ACF9F}"
	ProjectSection(ProjectDependencies) = postProject
		{92FA566D-08A1-4C83-832B-C8D76BD1493B} = {92FA566D-08A1-4C83-832B-C8D76BD1493B}
		{E8AE89D0-522F-4C00-A924-CD35F6DB6377} = {E8AE89D0-522F-4C00-A924-CD35F6DB6377}
	EndProjectSection
EndProject
Project("{8BC9CEB8-8B4A-11D0-8D11-00A0C91BC942}") = "PropertyGrid", "Pegasus\PropertyGrid\PropertyGrid.vcxproj", "{3C97026D-B001-4B3A-944C-05C500905F07}"
	ProjectSection(ProjectDependencies) = postProject
		{C375ED26-6288-4CD7-87E2-BE8306FA75A0} = {C375ED26-6288-4CD7-87E2-BE8306FA75A0}
		{399CC639-4276-42BB-BF88-4A985E28700D} = {399CC639-4276-42BB-BF88-4A985E28700D}
		{5EF7D063-1BE9-4C85-AFB4-94D4D35CBC52} = {5EF7D063-1BE9-4C85-AFB4-94D4D35CBC52}
		{92FA566D-08A1-4C83-832B-C8D76BD1493B} = {92FA566D-08A1-4C83-832B-C8D76BD1493B}
		{8AD3BC97-CABA-48D1-B0FD-79CB17CD1F82} = {8AD3BC97-CABA-48D1-B0FD-79CB17CD1F82}
		{E8AE89D0-522F-4C00-A924-CD35F6DB6377} = {E8AE89D0-522F-4C00-A924-CD35F6DB6377}
	EndProjectSection
EndProject
Project("{8BC9CEB8-8B4A-11D0-8D11-00A0C91BC942}") = "Mesh", "Pegasus\Mesh\Mesh.vcxproj", "{BA2E1F5A-9319-4976-B043-B762D7E074E9}"
	ProjectSection(ProjectDependencies) = postProject
		{C375ED26-6288-4CD7-87E2-BE8306FA75A0} = {C375ED26-6288-4CD7-87E2-BE8306FA75A0}
		{399CC639-4276-42BB-BF88-4A985E28700D} = {399CC639-4276-42BB-BF88-4A985E28700D}
		{5EF7D063-1BE9-4C85-AFB4-94D4D35CBC52} = {5EF7D063-1BE9-4C85-AFB4-94D4D35CBC52}
		{3C97026D-B001-4B3A-944C-05C500905F07} = {3C97026D-B001-4B3A-944C-05C500905F07}
		{92FA566D-08A1-4C83-832B-C8D76BD1493B} = {92FA566D-08A1-4C83-832B-C8D76BD1493B}
		{8AD3BC97-CABA-48D1-B0FD-79CB17CD1F82} = {8AD3BC97-CABA-48D1-B0FD-79CB17CD1F82}
		{74B6C6B7-A176-4DA4-93B8-77CB715AB388} = {74B6C6B7-A176-4DA4-93B8-77CB715AB388}
		{E8AE89D0-522F-4C00-A924-CD35F6DB6377} = {E8AE89D0-522F-4C00-A924-CD35F6DB6377}
	EndProjectSection
EndProject
Project("{8BC9CEB8-8B4A-11D0-8D11-00A0C91BC942}") = "Sound", "Pegasus\Sound\Sound.vcxproj", "{2FD5A50D-FE0D-460E-9432-7F136B668D44}"
	ProjectSection(ProjectDependencies) = postProject
		{5EF7D063-1BE9-4C85-AFB4-94D4D35CBC52} = {5EF7D063-1BE9-4C85-AFB4-94D4D35CBC52}
		{92FA566D-08A1-4C83-832B-C8D76BD1493B} = {92FA566D-08A1-4C83-832B-C8D76BD1493B}
	EndProjectSection
EndProject
Project("{8BC9CEB8-8B4A-11D0-8D11-00A0C91BC942}") = "BlockScript", "Pegasus\BlockScript\BlockScript.vcxproj", "{6BFF7812-D698-42F9-9F0F-B77348A9C723}"
	ProjectSection(ProjectDependencies) = postProject
		{2FD5A50D-FE0D-460E-9432-7F136B668D44} = {2FD5A50D-FE0D-460E-9432-7F136B668D44}
		{C375ED26-6288-4CD7-87E2-BE8306FA75A0} = {C375ED26-6288-4CD7-87E2-BE8306FA75A0}
		{5EF7D063-1BE9-4C85-AFB4-94D4D35CBC52} = {5EF7D063-1BE9-4C85-AFB4-94D4D35CBC52}
		{92FA566D-08A1-4C83-832B-C8D76BD1493B} = {92FA566D-08A1-4C83-832B-C8D76BD1493B}
		{8AD3BC97-CABA-48D1-B0FD-79CB17CD1F82} = {8AD3BC97-CABA-48D1-B0FD-79CB17CD1F82}
		{E8AE89D0-522F-4C00-A924-CD35F6DB6377} = {E8AE89D0-522F-4C00-A924-CD35F6DB6377}
	EndProjectSection
EndProject
Project("{8BC9CEB8-8B4A-11D0-8D11-00A0C91BC942}") = "BlockScriptCLI", "Pegasus\BlockScriptCLI\BlockScriptCLI.vcxproj", "{1937439D-A9DE-4E7F-AAC3-2C7FF5A12163}"
	ProjectSection(ProjectDependencies) = postProject
		{6BFF7812-D698-42F9-9F0F-B77348A9C723} = {6BFF7812-D698-42F9-9F0F-B77348A9C723}
		{98BF1395-48CE-4C98-8921-7890B74889AD} = {98BF1395-48CE-4C98-8921-7890B74889AD}
	EndProjectSection
EndProject
Project("{8BC9CEB8-8B4A-11D0-8D11-00A0C91BC942}") = "AssetLib", "Pegasus\AssetLib\AssetLib.vcxproj", "{399CC639-4276-42BB-BF88-4A985E28700D}"
	ProjectSection(ProjectDependencies) = postProject
		{5EF7D063-1BE9-4C85-AFB4-94D4D35CBC52} = {5EF7D063-1BE9-4C85-AFB4-94D4D35CBC52}
		{92FA566D-08A1-4C83-832B-C8D76BD1493B} = {92FA566D-08A1-4C83-832B-C8D76BD1493B}
		{8AD3BC97-CABA-48D1-B0FD-79CB17CD1F82} = {8AD3BC97-CABA-48D1-B0FD-79CB17CD1F82}
		{E8AE89D0-522F-4C00-A924-CD35F6DB6377} = {E8AE89D0-522F-4C00-A924-CD35F6DB6377}
	EndProjectSection
EndProject
Project("{8BC9CEB8-8B4A-11D0-8D11-00A0C91BC942}") = "BlockScriptTests", "Pegasus\BlockScriptTests\BlockScriptTests.vcxproj", "{6FC618D1-37B0-4C36-8A4A-57C97390B127}"
	ProjectSection(ProjectDependencies) = postProject
		{6BFF7812-D698-42F9-9F0F-B77348A9C723} = {6BFF7812-D698-42F9-9F0F-B77348A9C723}
		{5EF7D063-1BE9-4C85-AFB4-94D4D35CBC52} = {5EF7D063-1BE9-4C85-AFB4-94D4D35CBC52}
		{92FA566D-08A1-4C83-832B-C8D76BD1493B} = {92FA566D-08A1-4C83-832B-C8D76BD1493B}
		{98BF1395-48CE-4C98-8921-7890B74889AD} = {98BF1395-48CE-4C98-8921-7890B74889AD}
		{8AD3BC97-CABA-48D1-B0FD-79CB17CD1F82} = {8AD3BC97-CABA-48D1-B0FD-79CB17CD1F82}
	EndProjectSection
EndProject
Project("{8BC9CEB8-8B4A-11D0-8D11-00A0C91BC942}") = "RenderSystems", "Pegasus\RenderSystems\RenderSystems.vcxproj", "{765509B9-C3BC-4983-8813-D397D1340231}"
	ProjectSection(ProjectDependencies) = postProject
		{2FD5A50D-FE0D-460E-9432-7F136B668D44} = {2FD5A50D-FE0D-460E-9432-7F136B668D44}
		{6BFF7812-D698-42F9-9F0F-B77348A9C723} = {6BFF7812-D698-42F9-9F0F-B77348A9C723}
		{C375ED26-6288-4CD7-87E2-BE8306FA75A0} = {C375ED26-6288-4CD7-87E2-BE8306FA75A0}
		{399CC639-4276-42BB-BF88-4A985E28700D} = {399CC639-4276-42BB-BF88-4A985E28700D}
		{BA2E1F5A-9319-4976-B043-B762D7E074E9} = {BA2E1F5A-9319-4976-B043-B762D7E074E9}
		{5EF7D063-1BE9-4C85-AFB4-94D4D35CBC52} = {5EF7D063-1BE9-4C85-AFB4-94D4D35CBC52}
		{3C97026D-B001-4B3A-944C-05C500905F07} = {3C97026D-B001-4B3A-944C-05C500905F07}
		{92FA566D-08A1-4C83-832B-C8D76BD1493B} = {92FA566D-08A1-4C83-832B-C8D76BD1493B}
		{13AFD782-33A5-4718-AEE8-5390E6918255} = {13AFD782-33A5-4718-AEE8-5390E6918255}
		{8AD3BC97-CABA-48D1-B0FD-79CB17CD1F82} = {8AD3BC97-CABA-48D1-B0FD-79CB17CD1F82}
		{7E315CA4-D7D2-441F-8569-2523ECF83075} = {7E315CA4-D7D2-441F-8569-2523ECF83075}
		{B1169EA8-9728-4F43-B328-CD2002450798} = {B1169EA8-9728-4F43-B328-CD2002450798}
		{74B6C6B7-A176-4DA4-93B8-77CB715AB388} = {74B6C6B7-A176-4DA4-93B8-77CB715AB388}
		{E8AE89D0-522F-4C00-A924-CD35F6DB6377} = {E8AE89D0-522F-4C00-A924-CD35F6DB6377}
	EndProjectSection
EndProject
Global
	GlobalSection(SolutionConfigurationPlatforms) = preSolution
		Dev-Debug|Win32 = Dev-Debug|Win32
		Dev-Opt|Win32 = Dev-Opt|Win32
		Rel-Debug|Win32 = Rel-Debug|Win32
		Rel-Final|Win32 = Rel-Final|Win32
		Rel-Profile|Win32 = Rel-Profile|Win32
		Rel-Small|Win32 = Rel-Small|Win32
	EndGlobalSection
	GlobalSection(ProjectConfigurationPlatforms) = postSolution
		{92FA566D-08A1-4C83-832B-C8D76BD1493B}.Dev-Debug|Win32.ActiveCfg = Dev-Debug|Win32
		{92FA566D-08A1-4C83-832B-C8D76BD1493B}.Dev-Debug|Win32.Build.0 = Dev-Debug|Win32
		{92FA566D-08A1-4C83-832B-C8D76BD1493B}.Dev-Opt|Win32.ActiveCfg = Dev-Opt|Win32
		{92FA566D-08A1-4C83-832B-C8D76BD1493B}.Dev-Opt|Win32.Build.0 = Dev-Opt|Win32
		{92FA566D-08A1-4C83-832B-C8D76BD1493B}.Rel-Debug|Win32.ActiveCfg = Rel-Debug|Win32
		{92FA566D-08A1-4C83-832B-C8D76BD1493B}.Rel-Debug|Win32.Build.0 = Rel-Debug|Win32
		{92FA566D-08A1-4C83-832B-C8D76BD1493B}.Rel-Final|Win32.ActiveCfg = Rel-Final|Win32
		{92FA566D-08A1-4C83-832B-C8D76BD1493B}.Rel-Final|Win32.Build.0 = Rel-Final|Win32
		{92FA566D-08A1-4C83-832B-C8D76BD1493B}.Rel-Profile|Win32.ActiveCfg = Rel-Profile|Win32
		{92FA566D-08A1-4C83-832B-C8D76BD1493B}.Rel-Profile|Win32.Build.0 = Rel-Profile|Win32
		{92FA566D-08A1-4C83-832B-C8D76BD1493B}.Rel-Small|Win32.ActiveCfg = Rel-Small|Win32
		{92FA566D-08A1-4C83-832B-C8D76BD1493B}.Rel-Small|Win32.Build.0 = Rel-Small|Win32
		{B1169EA8-9728-4F43-B328-CD2002450798}.Dev-Debug|Win32.ActiveCfg = Dev-Debug|Win32
		{B1169EA8-9728-4F43-B328-CD2002450798}.Dev-Debug|Win32.Build.0 = Dev-Debug|Win32
		{B1169EA8-9728-4F43-B328-CD2002450798}.Dev-Opt|Win32.ActiveCfg = Dev-Opt|Win32
		{B1169EA8-9728-4F43-B328-CD2002450798}.Dev-Opt|Win32.Build.0 = Dev-Opt|Win32
		{B1169EA8-9728-4F43-B328-CD2002450798}.Rel-Debug|Win32.ActiveCfg = Rel-Debug|Win32
		{B1169EA8-9728-4F43-B328-CD2002450798}.Rel-Debug|Win32.Build.0 = Rel-Debug|Win32
		{B1169EA8-9728-4F43-B328-CD2002450798}.Rel-Final|Win32.ActiveCfg = Rel-Final|Win32
		{B1169EA8-9728-4F43-B328-CD2002450798}.Rel-Final|Win32.Build.0 = Rel-Final|Win32
		{B1169EA8-9728-4F43-B328-CD2002450798}.Rel-Profile|Win32.ActiveCfg = Rel-Profile|Win32
		{B1169EA8-9728-4F43-B328-CD2002450798}.Rel-Profile|Win32.Build.0 = Rel-Profile|Win32
		{B1169EA8-9728-4F43-B328-CD2002450798}.Rel-Small|Win32.ActiveCfg = Rel-Small|Win32
		{B1169EA8-9728-4F43-B328-CD2002450798}.Rel-Small|Win32.Build.0 = Rel-Small|Win32
		{98BF1395-48CE-4C98-8921-7890B74889AD}.Dev-Debug|Win32.ActiveCfg = Dev-Debug|Win32
		{98BF1395-48CE-4C98-8921-7890B74889AD}.Dev-Debug|Win32.Build.0 = Dev-Debug|Win32
		{98BF1395-48CE-4C98-8921-7890B74889AD}.Dev-Opt|Win32.ActiveCfg = Dev-Opt|Win32
		{98BF1395-48CE-4C98-8921-7890B74889AD}.Dev-Opt|Win32.Build.0 = Dev-Opt|Win32
		{98BF1395-48CE-4C98-8921-7890B74889AD}.Rel-Debug|Win32.ActiveCfg = Rel-Debug|Win32
		{98BF1395-48CE-4C98-8921-7890B74889AD}.Rel-Debug|Win32.Build.0 = Rel-Debug|Win32
		{98BF1395-48CE-4C98-8921-7890B74889AD}.Rel-Final|Win32.ActiveCfg = Rel-Final|Win32
		{98BF1395-48CE-4C98-8921-7890B74889AD}.Rel-Final|Win32.Build.0 = Rel-Final|Win32
		{98BF1395-48CE-4C98-8921-7890B74889AD}.Rel-Profile|Win32.ActiveCfg = Rel-Profile|Win32
		{98BF1395-48CE-4C98-8921-7890B74889AD}.Rel-Profile|Win32.Build.0 = Rel-Profile|Win32
		{98BF1395-48CE-4C98-8921-7890B74889AD}.Rel-Small|Win32.ActiveCfg = Rel-Small|Win32
		{98BF1395-48CE-4C98-8921-7890B74889AD}.Rel-Small|Win32.Build.0 = Rel-Small|Win32
		{13712E99-DD06-4C3A-85AE-102B3654679E}.Dev-Debug|Win32.ActiveCfg = Dev-Debug|Win32
		{13712E99-DD06-4C3A-85AE-102B3654679E}.Dev-Debug|Win32.Build.0 = Dev-Debug|Win32
		{13712E99-DD06-4C3A-85AE-102B3654679E}.Dev-Opt|Win32.ActiveCfg = Dev-Opt|Win32
		{13712E99-DD06-4C3A-85AE-102B3654679E}.Dev-Opt|Win32.Build.0 = Dev-Opt|Win32
		{13712E99-DD06-4C3A-85AE-102B3654679E}.Rel-Debug|Win32.ActiveCfg = Dev-Debug|Win32
		{13712E99-DD06-4C3A-85AE-102B3654679E}.Rel-Final|Win32.ActiveCfg = Dev-Opt|Win32
		{13712E99-DD06-4C3A-85AE-102B3654679E}.Rel-Profile|Win32.ActiveCfg = Dev-Opt|Win32
		{13712E99-DD06-4C3A-85AE-102B3654679E}.Rel-Small|Win32.ActiveCfg = Dev-Opt|Win32
		{C8DD5CB8-24C9-4BA1-BDA2-E096C0D8D83C}.Dev-Debug|Win32.ActiveCfg = Dev-Debug|Win32
		{C8DD5CB8-24C9-4BA1-BDA2-E096C0D8D83C}.Dev-Debug|Win32.Build.0 = Dev-Debug|Win32
		{C8DD5CB8-24C9-4BA1-BDA2-E096C0D8D83C}.Dev-Opt|Win32.ActiveCfg = Dev-Opt|Win32
		{C8DD5CB8-24C9-4BA1-BDA2-E096C0D8D83C}.Dev-Opt|Win32.Build.0 = Dev-Opt|Win32
		{C8DD5CB8-24C9-4BA1-BDA2-E096C0D8D83C}.Rel-Debug|Win32.ActiveCfg = Dev-Debug|Win32
		{C8DD5CB8-24C9-4BA1-BDA2-E096C0D8D83C}.Rel-Final|Win32.ActiveCfg = Dev-Opt|Win32
		{C8DD5CB8-24C9-4BA1-BDA2-E096C0D8D83C}.Rel-Profile|Win32.ActiveCfg = Dev-Opt|Win32
		{C8DD5CB8-24C9-4BA1-BDA2-E096C0D8D83C}.Rel-Small|Win32.ActiveCfg = Dev-Opt|Win32
		{CDBC735A-BBD9-48FA-AC97-3FDB4EC980F0}.Dev-Debug|Win32.ActiveCfg = Dev-Debug|Win32
		{CDBC735A-BBD9-48FA-AC97-3FDB4EC980F0}.Dev-Debug|Win32.Build.0 = Dev-Debug|Win32
		{CDBC735A-BBD9-48FA-AC97-3FDB4EC980F0}.Dev-Opt|Win32.ActiveCfg = Dev-Opt|Win32
		{CDBC735A-BBD9-48FA-AC97-3FDB4EC980F0}.Dev-Opt|Win32.Build.0 = Dev-Opt|Win32
		{CDBC735A-BBD9-48FA-AC97-3FDB4EC980F0}.Rel-Debug|Win32.ActiveCfg = Rel-Debug|Win32
		{CDBC735A-BBD9-48FA-AC97-3FDB4EC980F0}.Rel-Debug|Win32.Build.0 = Rel-Debug|Win32
		{CDBC735A-BBD9-48FA-AC97-3FDB4EC980F0}.Rel-Final|Win32.ActiveCfg = Rel-Final|Win32
		{CDBC735A-BBD9-48FA-AC97-3FDB4EC980F0}.Rel-Final|Win32.Build.0 = Rel-Final|Win32
		{CDBC735A-BBD9-48FA-AC97-3FDB4EC980F0}.Rel-Profile|Win32.ActiveCfg = Rel-Profile|Win32
		{CDBC735A-BBD9-48FA-AC97-3FDB4EC980F0}.Rel-Profile|Win32.Build.0 = Rel-Profile|Win32
		{CDBC735A-BBD9-48FA-AC97-3FDB4EC980F0}.Rel-Small|Win32.ActiveCfg = Rel-Small|Win32
		{CDBC735A-BBD9-48FA-AC97-3FDB4EC980F0}.Rel-Small|Win32.Build.0 = Rel-Small|Win32
		{9C0F2A6E-1A94-42FA-ACE7-2D4854EB674D}.Dev-Debug|Win32.ActiveCfg = Dev-Debug|Win32
		{9C0F2A6E-1A94-42FA-ACE7-2D4854EB674D}.Dev-Debug|Win32.Build.0 = Dev-Debug|Win32
		{9C0F2A6E-1A94-42FA-ACE7-2D4854EB674D}.Dev-Opt|Win32.ActiveCfg = Dev-Opt|Win32
		{9C0F2A6E-1A94-42FA-ACE7-2D4854EB674D}.Dev-Opt|Win32.Build.0 = Dev-Opt|Win32
		{9C0F2A6E-1A94-42FA-ACE7-2D4854EB674D}.Rel-Debug|Win32.ActiveCfg = Rel-Debug|Win32
		{9C0F2A6E-1A94-42FA-ACE7-2D4854EB674D}.Rel-Debug|Win32.Build.0 = Rel-Debug|Win32
		{9C0F2A6E-1A94-42FA-ACE7-2D4854EB674D}.Rel-Final|Win32.ActiveCfg = Rel-Final|Win32
		{9C0F2A6E-1A94-42FA-ACE7-2D4854EB674D}.Rel-Final|Win32.Build.0 = Rel-Final|Win32
		{9C0F2A6E-1A94-42FA-ACE7-2D4854EB674D}.Rel-Profile|Win32.ActiveCfg = Rel-Profile|Win32
		{9C0F2A6E-1A94-42FA-ACE7-2D4854EB674D}.Rel-Profile|Win32.Build.0 = Rel-Profile|Win32
		{9C0F2A6E-1A94-42FA-ACE7-2D4854EB674D}.Rel-Small|Win32.ActiveCfg = Rel-Small|Win32
		{9C0F2A6E-1A94-42FA-ACE7-2D4854EB674D}.Rel-Small|Win32.Build.0 = Rel-Small|Win32
		{B1C699DC-4BA7-4FE8-AB4C-6A449084B094}.Dev-Debug|Win32.ActiveCfg = Dev-Debug|Win32
		{B1C699DC-4BA7-4FE8-AB4C-6A449084B094}.Dev-Debug|Win32.Build.0 = Dev-Debug|Win32
		{B1C699DC-4BA7-4FE8-AB4C-6A449084B094}.Dev-Opt|Win32.ActiveCfg = Dev-Opt|Win32
		{B1C699DC-4BA7-4FE8-AB4C-6A449084B094}.Dev-Opt|Win32.Build.0 = Dev-Opt|Win32
		{B1C699DC-4BA7-4FE8-AB4C-6A449084B094}.Rel-Debug|Win32.ActiveCfg = Rel-Debug|Win32
		{B1C699DC-4BA7-4FE8-AB4C-6A449084B094}.Rel-Debug|Win32.Build.0 = Rel-Debug|Win32
		{B1C699DC-4BA7-4FE8-AB4C-6A449084B094}.Rel-Final|Win32.ActiveCfg = Rel-Final|Win32
		{B1C699DC-4BA7-4FE8-AB4C-6A449084B094}.Rel-Final|Win32.Build.0 = Rel-Final|Win32
		{B1C699DC-4BA7-4FE8-AB4C-6A449084B094}.Rel-Profile|Win32.ActiveCfg = Rel-Profile|Win32
		{B1C699DC-4BA7-4FE8-AB4C-6A449084B094}.Rel-Profile|Win32.Build.0 = Rel-Profile|Win32
		{B1C699DC-4BA7-4FE8-AB4C-6A449084B094}.Rel-Small|Win32.ActiveCfg = Rel-Small|Win32
		{B1C699DC-4BA7-4FE8-AB4C-6A449084B094}.Rel-Small|Win32.Build.0 = Rel-Small|Win32
		{C375ED26-6288-4CD7-87E2-BE8306FA75A0}.Dev-Debug|Win32.ActiveCfg = Dev-Debug|Win32
		{C375ED26-6288-4CD7-87E2-BE8306FA75A0}.Dev-Debug|Win32.Build.0 = Dev-Debug|Win32
		{C375ED26-6288-4CD7-87E2-BE8306FA75A0}.Dev-Opt|Win32.ActiveCfg = Dev-Opt|Win32
		{C375ED26-6288-4CD7-87E2-BE8306FA75A0}.Dev-Opt|Win32.Build.0 = Dev-Opt|Win32
		{C375ED26-6288-4CD7-87E2-BE8306FA75A0}.Rel-Debug|Win32.ActiveCfg = Rel-Debug|Win32
		{C375ED26-6288-4CD7-87E2-BE8306FA75A0}.Rel-Debug|Win32.Build.0 = Rel-Debug|Win32
		{C375ED26-6288-4CD7-87E2-BE8306FA75A0}.Rel-Final|Win32.ActiveCfg = Rel-Final|Win32
		{C375ED26-6288-4CD7-87E2-BE8306FA75A0}.Rel-Final|Win32.Build.0 = Rel-Final|Win32
		{C375ED26-6288-4CD7-87E2-BE8306FA75A0}.Rel-Profile|Win32.ActiveCfg = Rel-Profile|Win32
		{C375ED26-6288-4CD7-87E2-BE8306FA75A0}.Rel-Profile|Win32.Build.0 = Rel-Profile|Win32
		{C375ED26-6288-4CD7-87E2-BE8306FA75A0}.Rel-Small|Win32.ActiveCfg = Rel-Small|Win32
		{C375ED26-6288-4CD7-87E2-BE8306FA75A0}.Rel-Small|Win32.Build.0 = Rel-Small|Win32
		{8AD3BC97-CABA-48D1-B0FD-79CB17CD1F82}.Dev-Debug|Win32.ActiveCfg = Dev-Debug|Win32
		{8AD3BC97-CABA-48D1-B0FD-79CB17CD1F82}.Dev-Debug|Win32.Build.0 = Dev-Debug|Win32
		{8AD3BC97-CABA-48D1-B0FD-79CB17CD1F82}.Dev-Opt|Win32.ActiveCfg = Dev-Opt|Win32
		{8AD3BC97-CABA-48D1-B0FD-79CB17CD1F82}.Dev-Opt|Win32.Build.0 = Dev-Opt|Win32
		{8AD3BC97-CABA-48D1-B0FD-79CB17CD1F82}.Rel-Debug|Win32.ActiveCfg = Rel-Debug|Win32
		{8AD3BC97-CABA-48D1-B0FD-79CB17CD1F82}.Rel-Debug|Win32.Build.0 = Rel-Debug|Win32
		{8AD3BC97-CABA-48D1-B0FD-79CB17CD1F82}.Rel-Final|Win32.ActiveCfg = Rel-Final|Win32
		{8AD3BC97-CABA-48D1-B0FD-79CB17CD1F82}.Rel-Final|Win32.Build.0 = Rel-Final|Win32
		{8AD3BC97-CABA-48D1-B0FD-79CB17CD1F82}.Rel-Profile|Win32.ActiveCfg = Rel-Profile|Win32
		{8AD3BC97-CABA-48D1-B0FD-79CB17CD1F82}.Rel-Profile|Win32.Build.0 = Rel-Profile|Win32
		{8AD3BC97-CABA-48D1-B0FD-79CB17CD1F82}.Rel-Small|Win32.ActiveCfg = Rel-Small|Win32
		{8AD3BC97-CABA-48D1-B0FD-79CB17CD1F82}.Rel-Small|Win32.Build.0 = Rel-Small|Win32
		{13AFD782-33A5-4718-AEE8-5390E6918255}.Dev-Debug|Win32.ActiveCfg = Dev-Debug|Win32
		{13AFD782-33A5-4718-AEE8-5390E6918255}.Dev-Debug|Win32.Build.0 = Dev-Debug|Win32
		{13AFD782-33A5-4718-AEE8-5390E6918255}.Dev-Opt|Win32.ActiveCfg = Dev-Opt|Win32
		{13AFD782-33A5-4718-AEE8-5390E6918255}.Dev-Opt|Win32.Build.0 = Dev-Opt|Win32
		{13AFD782-33A5-4718-AEE8-5390E6918255}.Rel-Debug|Win32.ActiveCfg = Rel-Debug|Win32
		{13AFD782-33A5-4718-AEE8-5390E6918255}.Rel-Debug|Win32.Build.0 = Rel-Debug|Win32
		{13AFD782-33A5-4718-AEE8-5390E6918255}.Rel-Final|Win32.ActiveCfg = Rel-Final|Win32
		{13AFD782-33A5-4718-AEE8-5390E6918255}.Rel-Final|Win32.Build.0 = Rel-Final|Win32
		{13AFD782-33A5-4718-AEE8-5390E6918255}.Rel-Profile|Win32.ActiveCfg = Rel-Profile|Win32
		{13AFD782-33A5-4718-AEE8-5390E6918255}.Rel-Profile|Win32.Build.0 = Rel-Profile|Win32
		{13AFD782-33A5-4718-AEE8-5390E6918255}.Rel-Small|Win32.ActiveCfg = Rel-Small|Win32
		{13AFD782-33A5-4718-AEE8-5390E6918255}.Rel-Small|Win32.Build.0 = Rel-Small|Win32
		{74B6C6B7-A176-4DA4-93B8-77CB715AB388}.Dev-Debug|Win32.ActiveCfg = Dev-Debug|Win32
		{74B6C6B7-A176-4DA4-93B8-77CB715AB388}.Dev-Debug|Win32.Build.0 = Dev-Debug|Win32
		{74B6C6B7-A176-4DA4-93B8-77CB715AB388}.Dev-Opt|Win32.ActiveCfg = Dev-Opt|Win32
		{74B6C6B7-A176-4DA4-93B8-77CB715AB388}.Dev-Opt|Win32.Build.0 = Dev-Opt|Win32
		{74B6C6B7-A176-4DA4-93B8-77CB715AB388}.Rel-Debug|Win32.ActiveCfg = Rel-Debug|Win32
		{74B6C6B7-A176-4DA4-93B8-77CB715AB388}.Rel-Debug|Win32.Build.0 = Rel-Debug|Win32
		{74B6C6B7-A176-4DA4-93B8-77CB715AB388}.Rel-Final|Win32.ActiveCfg = Rel-Final|Win32
		{74B6C6B7-A176-4DA4-93B8-77CB715AB388}.Rel-Final|Win32.Build.0 = Rel-Final|Win32
		{74B6C6B7-A176-4DA4-93B8-77CB715AB388}.Rel-Profile|Win32.ActiveCfg = Rel-Profile|Win32
		{74B6C6B7-A176-4DA4-93B8-77CB715AB388}.Rel-Profile|Win32.Build.0 = Rel-Profile|Win32
		{74B6C6B7-A176-4DA4-93B8-77CB715AB388}.Rel-Small|Win32.ActiveCfg = Rel-Small|Win32
		{74B6C6B7-A176-4DA4-93B8-77CB715AB388}.Rel-Small|Win32.Build.0 = Rel-Small|Win32
		{7E315CA4-D7D2-441F-8569-2523ECF83075}.Dev-Debug|Win32.ActiveCfg = Dev-Debug|Win32
		{7E315CA4-D7D2-441F-8569-2523ECF83075}.Dev-Debug|Win32.Build.0 = Dev-Debug|Win32
		{7E315CA4-D7D2-441F-8569-2523ECF83075}.Dev-Opt|Win32.ActiveCfg = Dev-Opt|Win32
		{7E315CA4-D7D2-441F-8569-2523ECF83075}.Dev-Opt|Win32.Build.0 = Dev-Opt|Win32
		{7E315CA4-D7D2-441F-8569-2523ECF83075}.Rel-Debug|Win32.ActiveCfg = Rel-Debug|Win32
		{7E315CA4-D7D2-441F-8569-2523ECF83075}.Rel-Debug|Win32.Build.0 = Rel-Debug|Win32
		{7E315CA4-D7D2-441F-8569-2523ECF83075}.Rel-Final|Win32.ActiveCfg = Rel-Final|Win32
		{7E315CA4-D7D2-441F-8569-2523ECF83075}.Rel-Final|Win32.Build.0 = Rel-Final|Win32
		{7E315CA4-D7D2-441F-8569-2523ECF83075}.Rel-Profile|Win32.ActiveCfg = Rel-Profile|Win32
		{7E315CA4-D7D2-441F-8569-2523ECF83075}.Rel-Profile|Win32.Build.0 = Rel-Profile|Win32
		{7E315CA4-D7D2-441F-8569-2523ECF83075}.Rel-Small|Win32.ActiveCfg = Rel-Small|Win32
		{7E315CA4-D7D2-441F-8569-2523ECF83075}.Rel-Small|Win32.Build.0 = Rel-Small|Win32
		{5EF7D063-1BE9-4C85-AFB4-94D4D35CBC52}.Dev-Debug|Win32.ActiveCfg = Dev-Debug|Win32
		{5EF7D063-1BE9-4C85-AFB4-94D4D35CBC52}.Dev-Debug|Win32.Build.0 = Dev-Debug|Win32
		{5EF7D063-1BE9-4C85-AFB4-94D4D35CBC52}.Dev-Opt|Win32.ActiveCfg = Dev-Opt|Win32
		{5EF7D063-1BE9-4C85-AFB4-94D4D35CBC52}.Dev-Opt|Win32.Build.0 = Dev-Opt|Win32
		{5EF7D063-1BE9-4C85-AFB4-94D4D35CBC52}.Rel-Debug|Win32.ActiveCfg = Rel-Debug|Win32
		{5EF7D063-1BE9-4C85-AFB4-94D4D35CBC52}.Rel-Debug|Win32.Build.0 = Rel-Debug|Win32
		{5EF7D063-1BE9-4C85-AFB4-94D4D35CBC52}.Rel-Final|Win32.ActiveCfg = Rel-Final|Win32
		{5EF7D063-1BE9-4C85-AFB4-94D4D35CBC52}.Rel-Final|Win32.Build.0 = Rel-Final|Win32
		{5EF7D063-1BE9-4C85-AFB4-94D4D35CBC52}.Rel-Profile|Win32.ActiveCfg = Rel-Profile|Win32
		{5EF7D063-1BE9-4C85-AFB4-94D4D35CBC52}.Rel-Profile|Win32.Build.0 = Rel-Profile|Win32
		{5EF7D063-1BE9-4C85-AFB4-94D4D35CBC52}.Rel-Small|Win32.ActiveCfg = Rel-Small|Win32
		{5EF7D063-1BE9-4C85-AFB4-94D4D35CBC52}.Rel-Small|Win32.Build.0 = Rel-Small|Win32
		{CD84B0AD-380B-41C9-B351-618F99B06DD9}.Dev-Debug|Win32.ActiveCfg = Dev-Debug|Win32
		{CD84B0AD-380B-41C9-B351-618F99B06DD9}.Dev-Debug|Win32.Build.0 = Dev-Debug|Win32
		{CD84B0AD-380B-41C9-B351-618F99B06DD9}.Dev-Opt|Win32.ActiveCfg = Dev-Opt|Win32
		{CD84B0AD-380B-41C9-B351-618F99B06DD9}.Dev-Opt|Win32.Build.0 = Dev-Opt|Win32
		{CD84B0AD-380B-41C9-B351-618F99B06DD9}.Rel-Debug|Win32.ActiveCfg = Rel-Debug|Win32
		{CD84B0AD-380B-41C9-B351-618F99B06DD9}.Rel-Debug|Win32.Build.0 = Rel-Debug|Win32
		{CD84B0AD-380B-41C9-B351-618F99B06DD9}.Rel-Final|Win32.ActiveCfg = Rel-Final|Win32
		{CD84B0AD-380B-41C9-B351-618F99B06DD9}.Rel-Final|Win32.Build.0 = Rel-Final|Win32
		{CD84B0AD-380B-41C9-B351-618F99B06DD9}.Rel-Profile|Win32.ActiveCfg = Rel-Profile|Win32
		{CD84B0AD-380B-41C9-B351-618F99B06DD9}.Rel-Profile|Win32.Build.0 = Rel-Profile|Win32
		{CD84B0AD-380B-41C9-B351-618F99B06DD9}.Rel-Small|Win32.ActiveCfg = Rel-Small|Win32
		{CD84B0AD-380B-41C9-B351-618F99B06DD9}.Rel-Small|Win32.Build.0 = Rel-Small|Win32
		{E8AE89D0-522F-4C00-A924-CD35F6DB6377}.Dev-Debug|Win32.ActiveCfg = Dev-Debug|Win32
		{E8AE89D0-522F-4C00-A924-CD35F6DB6377}.Dev-Debug|Win32.Build.0 = Dev-Debug|Win32
		{E8AE89D0-522F-4C00-A924-CD35F6DB6377}.Dev-Opt|Win32.ActiveCfg = Dev-Opt|Win32
		{E8AE89D0-522F-4C00-A924-CD35F6DB6377}.Dev-Opt|Win32.Build.0 = Dev-Opt|Win32
		{E8AE89D0-522F-4C00-A924-CD35F6DB6377}.Rel-Debug|Win32.ActiveCfg = Rel-Debug|Win32
		{E8AE89D0-522F-4C00-A924-CD35F6DB6377}.Rel-Debug|Win32.Build.0 = Rel-Debug|Win32
		{E8AE89D0-522F-4C00-A924-CD35F6DB6377}.Rel-Final|Win32.ActiveCfg = Rel-Final|Win32
		{E8AE89D0-522F-4C00-A924-CD35F6DB6377}.Rel-Final|Win32.Build.0 = Rel-Final|Win32
		{E8AE89D0-522F-4C00-A924-CD35F6DB6377}.Rel-Profile|Win32.ActiveCfg = Rel-Profile|Win32
		{E8AE89D0-522F-4C00-A924-CD35F6DB6377}.Rel-Profile|Win32.Build.0 = Rel-Profile|Win32
		{E8AE89D0-522F-4C00-A924-CD35F6DB6377}.Rel-Small|Win32.ActiveCfg = Rel-Small|Win32
		{E8AE89D0-522F-4C00-A924-CD35F6DB6377}.Rel-Small|Win32.Build.0 = Rel-Small|Win32
		{019F596D-8D2A-4A1C-8560-5C412F8ACF9F}.Dev-Debug|Win32.ActiveCfg = Dev-Debug|Win32
		{019F596D-8D2A-4A1C-8560-5C412F8ACF9F}.Dev-Debug|Win32.Build.0 = Dev-Debug|Win32
		{019F596D-8D2A-4A1C-8560-5C412F8ACF9F}.Dev-Opt|Win32.ActiveCfg = Dev-Opt|Win32
		{019F596D-8D2A-4A1C-8560-5C412F8ACF9F}.Dev-Opt|Win32.Build.0 = Dev-Opt|Win32
		{019F596D-8D2A-4A1C-8560-5C412F8ACF9F}.Rel-Debug|Win32.ActiveCfg = Rel-Debug|Win32
		{019F596D-8D2A-4A1C-8560-5C412F8ACF9F}.Rel-Final|Win32.ActiveCfg = Rel-Final|Win32
		{019F596D-8D2A-4A1C-8560-5C412F8ACF9F}.Rel-Profile|Win32.ActiveCfg = Rel-Profile|Win32
		{019F596D-8D2A-4A1C-8560-5C412F8ACF9F}.Rel-Small|Win32.ActiveCfg = Rel-Small|Win32
		{019F596D-8D2A-4A1C-8560-5C412F8ACF9F}.Rel-Small|Win32.Build.0 = Rel-Small|Win32
		{3C97026D-B001-4B3A-944C-05C500905F07}.Dev-Debug|Win32.ActiveCfg = Dev-Debug|Win32
		{3C97026D-B001-4B3A-944C-05C500905F07}.Dev-Debug|Win32.Build.0 = Dev-Debug|Win32
		{3C97026D-B001-4B3A-944C-05C500905F07}.Dev-Opt|Win32.ActiveCfg = Dev-Opt|Win32
		{3C97026D-B001-4B3A-944C-05C500905F07}.Dev-Opt|Win32.Build.0 = Dev-Opt|Win32
		{3C97026D-B001-4B3A-944C-05C500905F07}.Rel-Debug|Win32.ActiveCfg = Rel-Debug|Win32
		{3C97026D-B001-4B3A-944C-05C500905F07}.Rel-Debug|Win32.Build.0 = Rel-Debug|Win32
		{3C97026D-B001-4B3A-944C-05C500905F07}.Rel-Final|Win32.ActiveCfg = Rel-Final|Win32
		{3C97026D-B001-4B3A-944C-05C500905F07}.Rel-Final|Win32.Build.0 = Rel-Final|Win32
		{3C97026D-B001-4B3A-944C-05C500905F07}.Rel-Profile|Win32.ActiveCfg = Rel-Profile|Win32
		{3C97026D-B001-4B3A-944C-05C500905F07}.Rel-Profile|Win32.Build.0 = Rel-Profile|Win32
		{3C97026D-B001-4B3A-944C-05C500905F07}.Rel-Small|Win32.ActiveCfg = Rel-Small|Win32
		{3C97026D-B001-4B3A-944C-05C500905F07}.Rel-Small|Win32.Build.0 = Rel-Small|Win32
		{BA2E1F5A-9319-4976-B043-B762D7E074E9}.Dev-Debug|Win32.ActiveCfg = Dev-Debug|Win32
		{BA2E1F5A-9319-4976-B043-B762D7E074E9}.Dev-Debug|Win32.Build.0 = Dev-Debug|Win32
		{BA2E1F5A-9319-4976-B043-B762D7E074E9}.Dev-Opt|Win32.ActiveCfg = Dev-Opt|Win32
		{BA2E1F5A-9319-4976-B043-B762D7E074E9}.Dev-Opt|Win32.Build.0 = Dev-Opt|Win32
		{BA2E1F5A-9319-4976-B043-B762D7E074E9}.Rel-Debug|Win32.ActiveCfg = Rel-Debug|Win32
		{BA2E1F5A-9319-4976-B043-B762D7E074E9}.Rel-Debug|Win32.Build.0 = Rel-Debug|Win32
		{BA2E1F5A-9319-4976-B043-B762D7E074E9}.Rel-Final|Win32.ActiveCfg = Rel-Final|Win32
		{BA2E1F5A-9319-4976-B043-B762D7E074E9}.Rel-Final|Win32.Build.0 = Rel-Final|Win32
		{BA2E1F5A-9319-4976-B043-B762D7E074E9}.Rel-Profile|Win32.ActiveCfg = Rel-Profile|Win32
		{BA2E1F5A-9319-4976-B043-B762D7E074E9}.Rel-Profile|Win32.Build.0 = Rel-Profile|Win32
		{BA2E1F5A-9319-4976-B043-B762D7E074E9}.Rel-Small|Win32.ActiveCfg = Rel-Small|Win32
		{BA2E1F5A-9319-4976-B043-B762D7E074E9}.Rel-Small|Win32.Build.0 = Rel-Small|Win32
		{2FD5A50D-FE0D-460E-9432-7F136B668D44}.Dev-Debug|Win32.ActiveCfg = Dev-Debug|Win32
		{2FD5A50D-FE0D-460E-9432-7F136B668D44}.Dev-Debug|Win32.Build.0 = Dev-Debug|Win32
		{2FD5A50D-FE0D-460E-9432-7F136B668D44}.Dev-Opt|Win32.ActiveCfg = Dev-Opt|Win32
		{2FD5A50D-FE0D-460E-9432-7F136B668D44}.Dev-Opt|Win32.Build.0 = Dev-Opt|Win32
		{2FD5A50D-FE0D-460E-9432-7F136B668D44}.Rel-Debug|Win32.ActiveCfg = Rel-Debug|Win32
		{2FD5A50D-FE0D-460E-9432-7F136B668D44}.Rel-Debug|Win32.Build.0 = Rel-Debug|Win32
		{2FD5A50D-FE0D-460E-9432-7F136B668D44}.Rel-Final|Win32.ActiveCfg = Rel-Final|Win32
		{2FD5A50D-FE0D-460E-9432-7F136B668D44}.Rel-Final|Win32.Build.0 = Rel-Final|Win32
		{2FD5A50D-FE0D-460E-9432-7F136B668D44}.Rel-Profile|Win32.ActiveCfg = Rel-Profile|Win32
		{2FD5A50D-FE0D-460E-9432-7F136B668D44}.Rel-Profile|Win32.Build.0 = Rel-Profile|Win32
		{2FD5A50D-FE0D-460E-9432-7F136B668D44}.Rel-Small|Win32.ActiveCfg = Rel-Small|Win32
		{2FD5A50D-FE0D-460E-9432-7F136B668D44}.Rel-Small|Win32.Build.0 = Rel-Small|Win32
		{6BFF7812-D698-42F9-9F0F-B77348A9C723}.Dev-Debug|Win32.ActiveCfg = Dev-Debug|Win32
		{6BFF7812-D698-42F9-9F0F-B77348A9C723}.Dev-Debug|Win32.Build.0 = Dev-Debug|Win32
		{6BFF7812-D698-42F9-9F0F-B77348A9C723}.Dev-Opt|Win32.ActiveCfg = Dev-Opt|Win32
		{6BFF7812-D698-42F9-9F0F-B77348A9C723}.Dev-Opt|Win32.Build.0 = Dev-Opt|Win32
		{6BFF7812-D698-42F9-9F0F-B77348A9C723}.Rel-Debug|Win32.ActiveCfg = Rel-Debug|Win32
		{6BFF7812-D698-42F9-9F0F-B77348A9C723}.Rel-Debug|Win32.Build.0 = Rel-Debug|Win32
		{6BFF7812-D698-42F9-9F0F-B77348A9C723}.Rel-Final|Win32.ActiveCfg = Rel-Final|Win32
		{6BFF7812-D698-42F9-9F0F-B77348A9C723}.Rel-Final|Win32.Build.0 = Rel-Final|Win32
		{6BFF7812-D698-42F9-9F0F-B77348A9C723}.Rel-Profile|Win32.ActiveCfg = Rel-Profile|Win32
		{6BFF7812-D698-42F9-9F0F-B77348A9C723}.Rel-Profile|Win32.Build.0 = Rel-Profile|Win32
		{6BFF7812-D698-42F9-9F0F-B77348A9C723}.Rel-Small|Win32.ActiveCfg = Rel-Small|Win32
		{6BFF7812-D698-42F9-9F0F-B77348A9C723}.Rel-Small|Win32.Build.0 = Rel-Small|Win32
		{1937439D-A9DE-4E7F-AAC3-2C7FF5A12163}.Dev-Debug|Win32.ActiveCfg = Dev-Debug|Win32
		{1937439D-A9DE-4E7F-AAC3-2C7FF5A12163}.Dev-Debug|Win32.Build.0 = Dev-Debug|Win32
		{1937439D-A9DE-4E7F-AAC3-2C7FF5A12163}.Dev-Opt|Win32.ActiveCfg = Dev-Opt|Win32
		{1937439D-A9DE-4E7F-AAC3-2C7FF5A12163}.Dev-Opt|Win32.Build.0 = Dev-Opt|Win32
		{1937439D-A9DE-4E7F-AAC3-2C7FF5A12163}.Rel-Debug|Win32.ActiveCfg = Rel-Debug|Win32
		{1937439D-A9DE-4E7F-AAC3-2C7FF5A12163}.Rel-Debug|Win32.Build.0 = Rel-Debug|Win32
		{1937439D-A9DE-4E7F-AAC3-2C7FF5A12163}.Rel-Final|Win32.ActiveCfg = Rel-Final|Win32
		{1937439D-A9DE-4E7F-AAC3-2C7FF5A12163}.Rel-Final|Win32.Build.0 = Rel-Final|Win32
		{1937439D-A9DE-4E7F-AAC3-2C7FF5A12163}.Rel-Profile|Win32.ActiveCfg = Rel-Profile|Win32
		{1937439D-A9DE-4E7F-AAC3-2C7FF5A12163}.Rel-Profile|Win32.Build.0 = Rel-Profile|Win32
		{1937439D-A9DE-4E7F-AAC3-2C7FF5A12163}.Rel-Small|Win32.ActiveCfg = Rel-Small|Win32
		{1937439D-A9DE-4E7F-AAC3-2C7FF5A12163}.Rel-Small|Win32.Build.0 = Rel-Small|Win32
		{399CC639-4276-42BB-BF88-4A985E28700D}.Dev-Debug|Win32.ActiveCfg = Dev-Debug|Win32
		{399CC639-4276-42BB-BF88-4A985E28700D}.Dev-Debug|Win32.Build.0 = Dev-Debug|Win32
		{399CC639-4276-42BB-BF88-4A985E28700D}.Dev-Opt|Win32.ActiveCfg = Dev-Opt|Win32
		{399CC639-4276-42BB-BF88-4A985E28700D}.Dev-Opt|Win32.Build.0 = Dev-Opt|Win32
		{399CC639-4276-42BB-BF88-4A985E28700D}.Rel-Debug|Win32.ActiveCfg = Rel-Debug|Win32
		{399CC639-4276-42BB-BF88-4A985E28700D}.Rel-Debug|Win32.Build.0 = Rel-Debug|Win32
		{399CC639-4276-42BB-BF88-4A985E28700D}.Rel-Final|Win32.ActiveCfg = Rel-Final|Win32
		{399CC639-4276-42BB-BF88-4A985E28700D}.Rel-Final|Win32.Build.0 = Rel-Final|Win32
		{399CC639-4276-42BB-BF88-4A985E28700D}.Rel-Profile|Win32.ActiveCfg = Rel-Profile|Win32
		{399CC639-4276-42BB-BF88-4A985E28700D}.Rel-Profile|Win32.Build.0 = Rel-Profile|Win32
		{399CC639-4276-42BB-BF88-4A985E28700D}.Rel-Small|Win32.ActiveCfg = Rel-Small|Win32
		{399CC639-4276-42BB-BF88-4A985E28700D}.Rel-Small|Win32.Build.0 = Rel-Small|Win32
		{6FC618D1-37B0-4C36-8A4A-57C97390B127}.Dev-Debug|Win32.ActiveCfg = Dev-Debug|Win32
		{6FC618D1-37B0-4C36-8A4A-57C97390B127}.Dev-Debug|Win32.Build.0 = Dev-Debug|Win32
		{6FC618D1-37B0-4C36-8A4A-57C97390B127}.Dev-Opt|Win32.ActiveCfg = Dev-Opt|Win32
		{6FC618D1-37B0-4C36-8A4A-57C97390B127}.Dev-Opt|Win32.Build.0 = Dev-Opt|Win32
		{6FC618D1-37B0-4C36-8A4A-57C97390B127}.Rel-Debug|Win32.ActiveCfg = Rel-Debug|Win32
		{6FC618D1-37B0-4C36-8A4A-57C97390B127}.Rel-Debug|Win32.Build.0 = Rel-Debug|Win32
		{6FC618D1-37B0-4C36-8A4A-57C97390B127}.Rel-Final|Win32.ActiveCfg = Rel-Final|Win32
		{6FC618D1-37B0-4C36-8A4A-57C97390B127}.Rel-Final|Win32.Build.0 = Rel-Final|Win32
		{6FC618D1-37B0-4C36-8A4A-57C97390B127}.Rel-Profile|Win32.ActiveCfg = Rel-Profile|Win32
		{6FC618D1-37B0-4C36-8A4A-57C97390B127}.Rel-Profile|Win32.Build.0 = Rel-Profile|Win32
		{6FC618D1-37B0-4C36-8A4A-57C97390B127}.Rel-Small|Win32.ActiveCfg = Rel-Small|Win32
		{6FC618D1-37B0-4C36-8A4A-57C97390B127}.Rel-Small|Win32.Build.0 = Rel-Small|Win32
		{765509B9-C3BC-4983-8813-D397D1340231}.Dev-Debug|Win32.ActiveCfg = Dev-Debug|Win32
		{765509B9-C3BC-4983-8813-D397D1340231}.Dev-Debug|Win32.Build.0 = Dev-Debug|Win32
		{765509B9-C3BC-4983-8813-D397D1340231}.Dev-Opt|Win32.ActiveCfg = Dev-Opt|Win32
		{765509B9-C3BC-4983-8813-D397D1340231}.Dev-Opt|Win32.Build.0 = Dev-Opt|Win32
		{765509B9-C3BC-4983-8813-D397D1340231}.Rel-Debug|Win32.ActiveCfg = Rel-Debug|Win32
		{765509B9-C3BC-4983-8813-D397D1340231}.Rel-Debug|Win32.Build.0 = Rel-Debug|Win32
		{765509B9-C3BC-4983-8813-D397D1340231}.Rel-Final|Win32.ActiveCfg = Rel-Final|Win32
		{765509B9-C3BC-4983-8813-D397D1340231}.Rel-Final|Win32.Build.0 = Rel-Final|Win32
		{765509B9-C3BC-4983-8813-D397D1340231}.Rel-Profile|Win32.ActiveCfg = Rel-Profile|Win32
		{765509B9-C3BC-4983-8813-D397D1340231}.Rel-Profile|Win32.Build.0 = Rel-Profile|Win32
		{765509B9-C3BC-4983-8813-D397D1340231}.Rel-Small|Win32.ActiveCfg = Rel-Small|Win32
		{765509B9-C3BC-4983-8813-D397D1340231}.Rel-Small|Win32.Build.0 = Rel-Small|Win32
	EndGlobalSection
	GlobalSection(SolutionProperties) = preSolution
		HideSolutionNode = FALSE
	EndGlobalSection
	GlobalSection(NestedProjects) = preSolution
		{92FA566D-08A1-4C83-832B-C8D76BD1493B} = {F99F748E-94E2-4095-936C-60C7EE6B5B24}
		{B1169EA8-9728-4F43-B328-CD2002450798} = {F99F748E-94E2-4095-936C-60C7EE6B5B24}
		{98BF1395-48CE-4C98-8921-7890B74889AD} = {F99F748E-94E2-4095-936C-60C7EE6B5B24}
		{13712E99-DD06-4C3A-85AE-102B3654679E} = {03D32D76-AB97-4CB0-937A-FF17C86AB287}
		{C8DD5CB8-24C9-4BA1-BDA2-E096C0D8D83C} = {B460F7CD-5B6E-43D6-AD3D-FDC418941FF6}
		{CDBC735A-BBD9-48FA-AC97-3FDB4EC980F0} = {D4FCE857-57CA-42A4-87C5-4213385279F2}
		{9C0F2A6E-1A94-42FA-ACE7-2D4854EB674D} = {F99F748E-94E2-4095-936C-60C7EE6B5B24}
		{B1C699DC-4BA7-4FE8-AB4C-6A449084B094} = {F99F748E-94E2-4095-936C-60C7EE6B5B24}
		{C375ED26-6288-4CD7-87E2-BE8306FA75A0} = {F99F748E-94E2-4095-936C-60C7EE6B5B24}
		{8AD3BC97-CABA-48D1-B0FD-79CB17CD1F82} = {F99F748E-94E2-4095-936C-60C7EE6B5B24}
		{13AFD782-33A5-4718-AEE8-5390E6918255} = {F99F748E-94E2-4095-936C-60C7EE6B5B24}
		{74B6C6B7-A176-4DA4-93B8-77CB715AB388} = {F99F748E-94E2-4095-936C-60C7EE6B5B24}
		{7E315CA4-D7D2-441F-8569-2523ECF83075} = {F99F748E-94E2-4095-936C-60C7EE6B5B24}
		{5EF7D063-1BE9-4C85-AFB4-94D4D35CBC52} = {F99F748E-94E2-4095-936C-60C7EE6B5B24}
		{CD84B0AD-380B-41C9-B351-618F99B06DD9} = {F99F748E-94E2-4095-936C-60C7EE6B5B24}
		{E8AE89D0-522F-4C00-A924-CD35F6DB6377} = {F99F748E-94E2-4095-936C-60C7EE6B5B24}
		{019F596D-8D2A-4A1C-8560-5C412F8ACF9F} = {F99F748E-94E2-4095-936C-60C7EE6B5B24}
		{3C97026D-B001-4B3A-944C-05C500905F07} = {F99F748E-94E2-4095-936C-60C7EE6B5B24}
		{BA2E1F5A-9319-4976-B043-B762D7E074E9} = {F99F748E-94E2-4095-936C-60C7EE6B5B24}
		{2FD5A50D-FE0D-460E-9432-7F136B668D44} = {F99F748E-94E2-4095-936C-60C7EE6B5B24}
		{6BFF7812-D698-42F9-9F0F-B77348A9C723} = {F99F748E-94E2-4095-936C-60C7EE6B5B24}
		{1937439D-A9DE-4E7F-AAC3-2C7FF5A12163} = {F99F748E-94E2-4095-936C-60C7EE6B5B24}
		{399CC639-4276-42BB-BF88-4A985E28700D} = {F99F748E-94E2-4095-936C-60C7EE6B5B24}
		{6FC618D1-37B0-4C36-8A4A-57C97390B127} = {F99F748E-94E2-4095-936C-60C7EE6B5B24}
		{765509B9-C3BC-4983-8813-D397D1340231} = {F99F748E-94E2-4095-936C-60C7EE6B5B24}
	EndGlobalSection
	GlobalSection(ExtensibilityGlobals) = postSolution
		Qt5Version = msvc2015
	EndGlobalSection
	GlobalSection(PerforceSourceControlProviderSolutionProperties) = preSolution
		SolutionIsControlled = True
	EndGlobalSection
	GlobalSection(PerforceSourceControlProviderSolutionProperties) = preSolution
		SolutionIsControlled = True
	EndGlobalSection
	GlobalSection(PerforceSourceControlProviderSolutionProperties) = preSolution
		SolutionIsControlled = True
	EndGlobalSection
	GlobalSection(PerforceSourceControlProviderSolutionProperties) = preSolution
		SolutionIsControlled = True
	EndGlobalSection
	GlobalSection(PerforceSourceControlProviderSolutionProperties) = preSolution
		SolutionIsControlled = True
	EndGlobalSection
	GlobalSection(PerforceSourceControlProviderSolutionProperties) = preSolution
		SolutionIsControlled = True
	EndGlobalSection
	GlobalSection(PerforceSourceControlProviderSolutionProperties) = preSolution
		SolutionIsControlled = True
	EndGlobalSection
	GlobalSection(PerforceSourceControlProviderSolutionProperties) = preSolution
		SolutionIsControlled = True
	EndGlobalSection
	GlobalSection(PerforceSourceControlProviderSolutionProperties) = preSolution
		SolutionIsControlled = True
	EndGlobalSection
	GlobalSection(PerforceSourceControlProviderSolutionProperties) = preSolution
		SolutionIsControlled = True
	EndGlobalSection
	GlobalSection(PerforceSourceControlProviderSolutionProperties) = preSolution
		SolutionIsControlled = True
	EndGlobalSection
	GlobalSection(PerforceSourceControlProviderSolutionProperties) = preSolution
		SolutionIsControlled = True
	EndGlobalSection
	GlobalSection(PerforceSourceControlProviderSolutionProperties) = preSolution
		SolutionIsControlled = True
	EndGlobalSection
	GlobalSection(PerforceSourceControlProviderSolutionProperties) = preSolution
		SolutionIsControlled = True
	EndGlobalSection
	GlobalSection(PerforceSourceControlProviderSolutionProperties) = preSolution
		SolutionIsControlled = True
	EndGlobalSection
	GlobalSection(PerforceSourceControlProviderSolutionProperties) = preSolution
		SolutionIsControlled = True
	EndGlobalSection
	GlobalSection(PerforceSourceControlProviderSolutionProperties) = preSolution
		SolutionIsControlled = True
	EndGlobalSection
	GlobalSection(PerforceSourceControlProviderSolutionProperties) = preSolution
		SolutionIsControlled = True
	EndGlobalSection
	GlobalSection(PerforceSourceControlProviderSolutionProperties) = preSolution
		SolutionIsControlled = True
	EndGlobalSection
EndGlobal
