<?xml version="1.0" encoding="utf-8"?>
<Project ToolsVersion="4.0" xmlns="http://schemas.microsoft.com/developer/msbuild/2003">
  <ItemGroup>
    <Filter Include="Source">
      <UniqueIdentifier>{4FC737F1-C7A5-4376-A066-2A32D752A2FF}</UniqueIdentifier>
      <Extensions>cpp;cxx;c;def</Extensions>
    </Filter>
    <Filter Include="Resources">
      <UniqueIdentifier>{D9D6E242-F8AF-46E4-B9FD-80ECBC20BA3E}</UniqueIdentifier>
      <Extensions>qrc;*</Extensions>
      <ParseFiles>false</ParseFiles>
    </Filter>
    <Filter Include="Generated">
      <UniqueIdentifier>{71ED8ED8-ACB9-4CE9-BBE1-E00B30144E11}</UniqueIdentifier>
      <Extensions>moc;h;cpp</Extensions>
      <SourceControlFiles>False</SourceControlFiles>
    </Filter>
    <Filter Include="Generated\Dev-Debug">
      <UniqueIdentifier>{66ad02c3-45e9-42b0-9f58-5f232d683512}</UniqueIdentifier>
      <Extensions>cpp;moc</Extensions>
      <SourceControlFiles>False</SourceControlFiles>
    </Filter>
    <Filter Include="Generated\Dev-Opt">
      <UniqueIdentifier>{bb88c391-11b0-42f4-87f1-a6395b691251}</UniqueIdentifier>
      <Extensions>cpp;moc</Extensions>
      <SourceControlFiles>False</SourceControlFiles>
    </Filter>
    <Filter Include="Forms">
      <UniqueIdentifier>{99349809-55BA-4b9d-BF79-8FDBB0286EB3}</UniqueIdentifier>
      <Extensions>ui</Extensions>
    </Filter>
    <Filter Include="Source\Timeline">
      <UniqueIdentifier>{ed12b966-4510-49a0-998a-7498b2967335}</UniqueIdentifier>
    </Filter>
    <Filter Include="Source\Viewport">
      <UniqueIdentifier>{43f6299e-67d4-4bb2-be3c-942f78fadb79}</UniqueIdentifier>
    </Filter>
    <Filter Include="Source\Console">
      <UniqueIdentifier>{16aae7de-1f01-4f87-a7be-bd3e029be8ce}</UniqueIdentifier>
    </Filter>
    <Filter Include="Source\Settings">
      <UniqueIdentifier>{cd1215da-8ff9-42bb-ac20-0f50afa5de1a}</UniqueIdentifier>
    </Filter>
    <Filter Include="Source\Widgets">
      <UniqueIdentifier>{78d953bc-706c-4a11-a72a-d0356515d413}</UniqueIdentifier>
    </Filter>
    <Filter Include="Source\Console\ConsoleChannelColorTable">
      <UniqueIdentifier>{5cc06288-1b58-455b-be46-814bb342c596}</UniqueIdentifier>
    </Filter>
    <Filter Include="Source\Application">
      <UniqueIdentifier>{83c168d9-1efc-40a5-921a-be40b64cd9c6}</UniqueIdentifier>
    </Filter>
    <Filter Include="Source\History">
      <UniqueIdentifier>{cc49ef2d-91fd-491e-8c9f-e87edbefeec5}</UniqueIdentifier>
    </Filter>
    <Filter Include="Source\Texture">
      <UniqueIdentifier>{1b62beab-7720-420e-85cb-4f0c1b4f1a43}</UniqueIdentifier>
    </Filter>
    <Filter Include="Source\Graph">
      <UniqueIdentifier>{2af47436-0925-4092-8689-19cbaa6f17d5}</UniqueIdentifier>
    </Filter>
    <Filter Include="Source\AssetLibrary">
      <UniqueIdentifier>{8abc09a7-997a-48fd-82cc-d327bdaba4fa}</UniqueIdentifier>
    </Filter>
    <Filter Include="Source\CodeEditor">
      <UniqueIdentifier>{d13f51e8-45e0-4947-a4e3-2ac8b9867ad1}</UniqueIdentifier>
    </Filter>
    <Filter Include="Source\Debug">
      <UniqueIdentifier>{e801b5fa-570e-4278-b4cf-df153fec01b6}</UniqueIdentifier>
    </Filter>
    <Filter Include="Source\Debug\PropertyGridClasses">
      <UniqueIdentifier>{58fe93e0-f0f7-4806-8485-3e88faacc51b}</UniqueIdentifier>
    </Filter>
    <Filter Include="Source\ProgramEditor">
      <UniqueIdentifier>{b16f0b79-eb55-48f1-b651-49e9c379688f}</UniqueIdentifier>
    </Filter>
    <Filter Include="Source\MessageControllers">
      <UniqueIdentifier>{7fefd0b4-4c4c-478c-b1ba-7b51df9bdef8}</UniqueIdentifier>
    </Filter>
    <Filter Include="Source\Debug\BlockScriptLibraries">
      <UniqueIdentifier>{7cfe192d-cec0-414d-8515-69cfe580b938}</UniqueIdentifier>
    </Filter>
    <Filter Include="Source\PropertyGrid">
      <UniqueIdentifier>{ae762b29-1073-46f9-a828-982f1cb6be7b}</UniqueIdentifier>
    </Filter>
    <Filter Include="Source\PropertyGrid\qtpropertybrowser">
      <UniqueIdentifier>{b9475459-f3e5-4cb8-a742-ede0ccfcb0e0}</UniqueIdentifier>
    </Filter>
    <Filter Include="Source\PropertyGrid\qtpropertybrowser\images">
      <UniqueIdentifier>{e54f0e6a-72f8-4b4c-88e6-a5564633024a}</UniqueIdentifier>
    </Filter>
    <Filter Include="Header Files">
      <UniqueIdentifier>{93995380-89BD-4b04-88EB-625FBE52EBFB}</UniqueIdentifier>
      <Extensions>h</Extensions>
      <ParseFiles>true</ParseFiles>
    </Filter>
  </ItemGroup>
  <ItemGroup>
    <ClCompile Include="..\..\..\Source\Editor\Editor.cpp">
      <Filter>Source</Filter>
    </ClCompile>
    <ClCompile Include="..\..\..\Source\Editor\main.cpp">
      <Filter>Source</Filter>
    </ClCompile>
    <ClCompile Include="GeneratedFiles\Dev-Debug\moc_Editor.cpp">
      <Filter>Generated\Dev-Debug</Filter>
    </ClCompile>
    <ClCompile Include="GeneratedFiles\Dev-Opt\moc_Editor.cpp">
      <Filter>Generated\Dev-Opt</Filter>
    </ClCompile>
    <ClCompile Include="GeneratedFiles\Dev-Debug\moc_TimelineDockWidget.cpp">
      <Filter>Generated\Dev-Debug</Filter>
    </ClCompile>
    <ClCompile Include="GeneratedFiles\Dev-Opt\moc_TimelineDockWidget.cpp">
      <Filter>Generated\Dev-Opt</Filter>
    </ClCompile>
    <ClCompile Include="..\..\..\Source\Editor\Timeline\TimelineDockWidget.cpp">
      <Filter>Source\Timeline</Filter>
    </ClCompile>
    <ClCompile Include="GeneratedFiles\Dev-Debug\moc_ViewportDockWidget.cpp">
      <Filter>Generated\Dev-Debug</Filter>
    </ClCompile>
    <ClCompile Include="GeneratedFiles\Dev-Opt\moc_ViewportDockWidget.cpp">
      <Filter>Generated\Dev-Opt</Filter>
    </ClCompile>
    <ClCompile Include="GeneratedFiles\Dev-Debug\moc_ViewportWidget.cpp">
      <Filter>Generated\Dev-Debug</Filter>
    </ClCompile>
    <ClCompile Include="GeneratedFiles\Dev-Opt\moc_ViewportWidget.cpp">
      <Filter>Generated\Dev-Opt</Filter>
    </ClCompile>
    <ClCompile Include="..\..\..\Source\Editor\Viewport\ViewportDockWidget.cpp">
      <Filter>Source\Viewport</Filter>
    </ClCompile>
    <ClCompile Include="..\..\..\Source\Editor\Viewport\ViewportWidget.cpp">
      <Filter>Source\Viewport</Filter>
    </ClCompile>
    <ClCompile Include="GeneratedFiles\Dev-Debug\moc_TimelineGraphicsView.cpp">
      <Filter>Generated\Dev-Debug</Filter>
    </ClCompile>
    <ClCompile Include="GeneratedFiles\Dev-Opt\moc_TimelineGraphicsView.cpp">
      <Filter>Generated\Dev-Opt</Filter>
    </ClCompile>
    <ClCompile Include="..\..\..\Source\Editor\Timeline\TimelineGraphicsView.cpp">
      <Filter>Source\Timeline</Filter>
    </ClCompile>
    <ClCompile Include="..\..\..\Source\Editor\Timeline\TimelineBlockGraphicsItem.cpp">
      <Filter>Source\Timeline</Filter>
    </ClCompile>
    <ClCompile Include="GeneratedFiles\Dev-Debug\moc_ConsoleDockWidget.cpp">
      <Filter>Generated\Dev-Debug</Filter>
    </ClCompile>
    <ClCompile Include="GeneratedFiles\Dev-Opt\moc_ConsoleDockWidget.cpp">
      <Filter>Generated\Dev-Opt</Filter>
    </ClCompile>
    <ClCompile Include="..\..\..\Source\Editor\Console\ConsoleDockWidget.cpp">
      <Filter>Source\Console</Filter>
    </ClCompile>
    <ClCompile Include="GeneratedFiles\qrc_Resources.cpp">
      <Filter>Generated</Filter>
    </ClCompile>
    <ClCompile Include="GeneratedFiles\Dev-Debug\moc_SettingsDialog.cpp">
      <Filter>Generated\Dev-Debug</Filter>
    </ClCompile>
    <ClCompile Include="GeneratedFiles\Dev-Opt\moc_SettingsDialog.cpp">
      <Filter>Generated\Dev-Opt</Filter>
    </ClCompile>
    <ClCompile Include="..\..\..\Source\Editor\Settings\SettingsDialog.cpp">
      <Filter>Source\Settings</Filter>
    </ClCompile>
    <ClCompile Include="GeneratedFiles\Dev-Debug\moc_Settings.cpp">
      <Filter>Generated\Dev-Debug</Filter>
    </ClCompile>
    <ClCompile Include="GeneratedFiles\Dev-Opt\moc_Settings.cpp">
      <Filter>Generated\Dev-Opt</Filter>
    </ClCompile>
    <ClCompile Include="..\..\..\Source\Editor\Settings\Settings.cpp">
      <Filter>Source\Settings</Filter>
    </ClCompile>
    <ClCompile Include="GeneratedFiles\Dev-Debug\moc_SettingsAppearancePage.cpp">
      <Filter>Generated\Dev-Debug</Filter>
    </ClCompile>
    <ClCompile Include="GeneratedFiles\Dev-Opt\moc_SettingsAppearancePage.cpp">
      <Filter>Generated\Dev-Opt</Filter>
    </ClCompile>
    <ClCompile Include="..\..\..\Source\Editor\Settings\SettingsAppearancePage.cpp">
      <Filter>Source\Settings</Filter>
    </ClCompile>
    <ClCompile Include="..\..\..\Source\Editor\Timeline\TimelineBackgroundBeatGraphicsItem.cpp">
      <Filter>Source\Timeline</Filter>
    </ClCompile>
    <ClCompile Include="..\..\..\Source\Editor\Timeline\TimelineBackgroundBeatLineGraphicsItem.cpp">
      <Filter>Source\Timeline</Filter>
    </ClCompile>
    <ClCompile Include="..\..\..\Source\Editor\Assertion.cpp">
      <Filter>Source</Filter>
    </ClCompile>
    <ClCompile Include="GeneratedFiles\Dev-Opt\moc_Assertion.cpp">
      <Filter>Generated\Dev-Opt</Filter>
    </ClCompile>
    <ClCompile Include="GeneratedFiles\Dev-Debug\moc_Assertion.cpp">
      <Filter>Generated\Dev-Debug</Filter>
    </ClCompile>
    <ClCompile Include="GeneratedFiles\Dev-Opt\moc_ColorPickerBox.cpp">
      <Filter>Generated\Dev-Opt</Filter>
    </ClCompile>
    <ClCompile Include="GeneratedFiles\Dev-Debug\moc_ColorPickerBox.cpp">
      <Filter>Generated\Dev-Debug</Filter>
    </ClCompile>
    <ClCompile Include="..\..\..\Source\Editor\Widgets\ColorPickerBox.cpp">
      <Filter>Source\Widgets</Filter>
    </ClCompile>
    <ClCompile Include="GeneratedFiles\Dev-Opt\moc_ConsoleChannelColorTableView.cpp">
      <Filter>Generated\Dev-Opt</Filter>
    </ClCompile>
    <ClCompile Include="GeneratedFiles\Dev-Debug\moc_ConsoleChannelColorTableView.cpp">
      <Filter>Generated\Dev-Debug</Filter>
    </ClCompile>
    <ClCompile Include="..\..\..\Source\Editor\Console\ConsoleChannelColorTable\ConsoleChannelColorTableView.cpp">
      <Filter>Source\Console\ConsoleChannelColorTable</Filter>
    </ClCompile>
    <ClCompile Include="GeneratedFiles\Dev-Opt\moc_ConsoleChannelColorTableModel.cpp">
      <Filter>Generated\Dev-Opt</Filter>
    </ClCompile>
    <ClCompile Include="GeneratedFiles\Dev-Debug\moc_ConsoleChannelColorTableModel.cpp">
      <Filter>Generated\Dev-Debug</Filter>
    </ClCompile>
    <ClCompile Include="..\..\..\Source\Editor\Console\ConsoleChannelColorTable\ConsoleChannelColorTableModel.cpp">
      <Filter>Source\Console\ConsoleChannelColorTable</Filter>
    </ClCompile>
    <ClCompile Include="..\..\..\Source\Editor\Log.cpp">
      <Filter>Source</Filter>
    </ClCompile>
    <ClCompile Include="GeneratedFiles\Dev-Opt\moc_Log.cpp">
      <Filter>Generated\Dev-Opt</Filter>
    </ClCompile>
    <ClCompile Include="GeneratedFiles\Dev-Debug\moc_Log.cpp">
      <Filter>Generated\Dev-Debug</Filter>
    </ClCompile>
    <ClCompile Include="..\..\..\Source\Editor\Timeline\TimelineCursorGraphicsItem.cpp">
      <Filter>Source\Timeline</Filter>
    </ClCompile>
    <ClCompile Include="GeneratedFiles\Dev-Opt\moc_SettingsConsolePage.cpp">
      <Filter>Generated\Dev-Opt</Filter>
    </ClCompile>
    <ClCompile Include="GeneratedFiles\Dev-Debug\moc_SettingsConsolePage.cpp">
      <Filter>Generated\Dev-Debug</Filter>
    </ClCompile>
    <ClCompile Include="..\..\..\Source\Editor\Settings\SettingsConsolePage.cpp">
      <Filter>Source\Settings</Filter>
    </ClCompile>
    <ClCompile Include="..\..\..\Source\Editor\Timeline\TimelineLaneHeaderGraphicsItem.cpp">
      <Filter>Source\Timeline</Filter>
    </ClCompile>
    <ClCompile Include="..\..\..\Source\Editor\Application\Application.cpp">
      <Filter>Source\Application</Filter>
    </ClCompile>
    <ClCompile Include="GeneratedFiles\Dev-Opt\moc_Application.cpp">
      <Filter>Generated\Dev-Opt</Filter>
    </ClCompile>
    <ClCompile Include="GeneratedFiles\Dev-Debug\moc_Application.cpp">
      <Filter>Generated\Dev-Debug</Filter>
    </ClCompile>
    <ClCompile Include="..\..\..\Source\Editor\Application\ApplicationManager.cpp">
      <Filter>Source\Application</Filter>
    </ClCompile>
    <ClCompile Include="GeneratedFiles\Dev-Opt\moc_ApplicationManager.cpp">
      <Filter>Generated\Dev-Opt</Filter>
    </ClCompile>
    <ClCompile Include="GeneratedFiles\Dev-Debug\moc_ApplicationManager.cpp">
      <Filter>Generated\Dev-Debug</Filter>
    </ClCompile>
    <ClCompile Include="..\..\..\Source\Editor\Application\ApplicationInterface.cpp">
      <Filter>Source\Application</Filter>
    </ClCompile>
    <ClCompile Include="GeneratedFiles\Dev-Opt\moc_ApplicationInterface.cpp">
      <Filter>Generated\Dev-Opt</Filter>
    </ClCompile>
    <ClCompile Include="GeneratedFiles\Dev-Debug\moc_ApplicationInterface.cpp">
      <Filter>Generated\Dev-Debug</Filter>
    </ClCompile>
    <ClCompile Include="GeneratedFiles\Dev-Opt\moc_TimelineBlockGraphicsItem.cpp">
      <Filter>Generated\Dev-Opt</Filter>
    </ClCompile>
    <ClCompile Include="GeneratedFiles\Dev-Debug\moc_TimelineBlockGraphicsItem.cpp">
      <Filter>Generated\Dev-Debug</Filter>
    </ClCompile>
    <ClCompile Include="GeneratedFiles\Dev-Opt\moc_HistoryDockWidget.cpp">
      <Filter>Generated\Dev-Opt</Filter>
    </ClCompile>
    <ClCompile Include="GeneratedFiles\Dev-Debug\moc_HistoryDockWidget.cpp">
      <Filter>Generated\Dev-Debug</Filter>
    </ClCompile>
    <ClCompile Include="..\..\..\Source\Editor\History\HistoryDockWidget.cpp">
      <Filter>Source\History</Filter>
    </ClCompile>
    <ClCompile Include="..\..\..\Source\Editor\Timeline\TimelineUndoCommands.cpp">
      <Filter>Source\Timeline</Filter>
    </ClCompile>
    <ClCompile Include="GeneratedFiles\Dev-Opt\moc_TextureEditorDockWidget.cpp">
      <Filter>Generated\Dev-Opt</Filter>
    </ClCompile>
    <ClCompile Include="GeneratedFiles\Dev-Debug\moc_TextureEditorDockWidget.cpp">
      <Filter>Generated\Dev-Debug</Filter>
    </ClCompile>
    <ClCompile Include="..\..\..\Source\Editor\Texture\TextureEditorDockWidget.cpp">
      <Filter>Source\Texture</Filter>
    </ClCompile>
    <ClCompile Include="GeneratedFiles\Dev-Opt\moc_GraphEditorGraphicsView.cpp">
      <Filter>Generated\Dev-Opt</Filter>
    </ClCompile>
    <ClCompile Include="GeneratedFiles\Dev-Debug\moc_GraphEditorGraphicsView.cpp">
      <Filter>Generated\Dev-Debug</Filter>
    </ClCompile>
    <ClCompile Include="..\..\..\Source\Editor\Graph\GraphEditorGraphicsView.cpp">
      <Filter>Source\Graph</Filter>
    </ClCompile>
    <ClCompile Include="GeneratedFiles\Dev-Opt\moc_TextureGraphEditorGraphicsView.cpp">
      <Filter>Generated\Dev-Opt</Filter>
    </ClCompile>
    <ClCompile Include="GeneratedFiles\Dev-Debug\moc_TextureGraphEditorGraphicsView.cpp">
      <Filter>Generated\Dev-Debug</Filter>
    </ClCompile>
    <ClCompile Include="..\..\..\Source\Editor\Texture\TextureGraphEditorGraphicsView.cpp">
      <Filter>Source\Texture</Filter>
    </ClCompile>
    <ClCompile Include="..\..\..\Source\Editor\AssetLibrary\AssetLibraryWidget.cpp">
      <Filter>Source\AssetLibrary</Filter>
    </ClCompile>
    <ClCompile Include="GeneratedFiles\Dev-Opt\moc_AssetLibraryWidget.cpp">
      <Filter>Generated\Dev-Opt</Filter>
    </ClCompile>
    <ClCompile Include="GeneratedFiles\Dev-Debug\moc_AssetLibraryWidget.cpp">
      <Filter>Generated\Dev-Debug</Filter>
    </ClCompile>
    <ClCompile Include="..\..\..\Source\Editor\AssetLibrary\ProgramTreeModel.cpp">
      <Filter>Source\AssetLibrary</Filter>
    </ClCompile>
    <ClCompile Include="..\..\..\Source\Editor\AssetLibrary\SourceCodeListModel.cpp">
      <Filter>Source\AssetLibrary</Filter>
    </ClCompile>
    <ClCompile Include="..\..\..\Source\Editor\CodeEditor\CodeEditorWidget.cpp">
      <Filter>Source\CodeEditor</Filter>
    </ClCompile>
    <ClCompile Include="GeneratedFiles\Dev-Opt\moc_CodeEditorWidget.cpp">
      <Filter>Generated\Dev-Opt</Filter>
    </ClCompile>
    <ClCompile Include="GeneratedFiles\Dev-Debug\moc_CodeEditorWidget.cpp">
      <Filter>Generated\Dev-Debug</Filter>
    </ClCompile>
    <ClCompile Include="..\..\..\Source\Editor\CodeEditor\CodeTextEditorTreeWidget.cpp">
      <Filter>Source\CodeEditor</Filter>
    </ClCompile>
    <ClCompile Include="GeneratedFiles\Dev-Opt\moc_CodeTextEditorTreeWidget.cpp">
      <Filter>Generated\Dev-Opt</Filter>
    </ClCompile>
    <ClCompile Include="GeneratedFiles\Dev-Debug\moc_CodeTextEditorTreeWidget.cpp">
      <Filter>Generated\Dev-Debug</Filter>
    </ClCompile>
    <ClCompile Include="..\..\..\Source\Editor\CodeEditor\CodeTextEditorWidget.cpp">
      <Filter>Source\CodeEditor</Filter>
    </ClCompile>
    <ClCompile Include="GeneratedFiles\Dev-Opt\moc_CodeTextEditorWidget.cpp">
      <Filter>Generated\Dev-Opt</Filter>
    </ClCompile>
    <ClCompile Include="GeneratedFiles\Dev-Debug\moc_CodeTextEditorWidget.cpp">
      <Filter>Generated\Dev-Debug</Filter>
    </ClCompile>
    <ClCompile Include="..\..\..\Source\Editor\CodeEditor\SourceCodeManagerEventListener.cpp">
      <Filter>Source\CodeEditor</Filter>
    </ClCompile>
    <ClCompile Include="GeneratedFiles\Dev-Opt\moc_SourceCodeManagerEventListener.cpp">
      <Filter>Generated\Dev-Opt</Filter>
    </ClCompile>
    <ClCompile Include="GeneratedFiles\Dev-Debug\moc_SourceCodeManagerEventListener.cpp">
      <Filter>Generated\Dev-Debug</Filter>
    </ClCompile>
    <ClCompile Include="..\..\..\Source\Editor\Settings\SettingsCodeEditorPage.cpp">
      <Filter>Source\Settings</Filter>
    </ClCompile>
    <ClCompile Include="GeneratedFiles\Dev-Opt\moc_SettingsCodeEditorPage.cpp">
      <Filter>Generated\Dev-Opt</Filter>
    </ClCompile>
    <ClCompile Include="GeneratedFiles\Dev-Debug\moc_SettingsCodeEditorPage.cpp">
      <Filter>Generated\Dev-Debug</Filter>
    </ClCompile>
    <ClCompile Include="..\..\..\Source\Editor\Debug\PropertyGridClasses\PropertyGridClassesDockWidget.cpp">
      <Filter>Source\Debug\PropertyGridClasses</Filter>
    </ClCompile>
    <ClCompile Include="GeneratedFiles\Dev-Opt\moc_PropertyGridClassesDockWidget.cpp">
      <Filter>Generated\Dev-Opt</Filter>
    </ClCompile>
    <ClCompile Include="GeneratedFiles\Dev-Debug\moc_PropertyGridClassesDockWidget.cpp">
      <Filter>Generated\Dev-Debug</Filter>
    </ClCompile>
    <ClCompile Include="..\..\..\Source\Editor\ProgramEditor\ProgramEditorWidget.cpp">
      <Filter>Source\ProgramEditor</Filter>
    </ClCompile>
    <ClCompile Include="GeneratedFiles\Dev-Opt\moc_ProgramEditorWidget.cpp">
      <Filter>Generated\Dev-Opt</Filter>
    </ClCompile>
    <ClCompile Include="GeneratedFiles\Dev-Debug\moc_ProgramEditorWidget.cpp">
      <Filter>Generated\Dev-Debug</Filter>
    </ClCompile>
    <ClCompile Include="..\..\..\Source\Editor\MessageControllers\AssetIOMessageController.cpp">
      <Filter>Source\MessageControllers</Filter>
    </ClCompile>
    <ClCompile Include="GeneratedFiles\Dev-Opt\moc_AssetIOMessageController.cpp">
      <Filter>Generated\Dev-Opt</Filter>
    </ClCompile>
    <ClCompile Include="GeneratedFiles\Dev-Debug\moc_AssetIOMessageController.cpp">
      <Filter>Generated\Dev-Debug</Filter>
    </ClCompile>
    <ClCompile Include="..\..\..\Source\Editor\MessageControllers\SourceIOMessageController.cpp">
      <Filter>Source\MessageControllers</Filter>
    </ClCompile>
    <ClCompile Include="GeneratedFiles\Dev-Opt\moc_SourceIOMessageController.cpp">
      <Filter>Generated\Dev-Opt</Filter>
    </ClCompile>
    <ClCompile Include="GeneratedFiles\Dev-Debug\moc_SourceIOMessageController.cpp">
      <Filter>Generated\Dev-Debug</Filter>
    </ClCompile>
    <ClCompile Include="..\..\..\Source\Editor\MessageControllers\ProgramIOMessageController.cpp">
      <Filter>Source\MessageControllers</Filter>
    </ClCompile>
    <ClCompile Include="GeneratedFiles\Dev-Opt\moc_ProgramIOMessageController.cpp">
      <Filter>Generated\Dev-Opt</Filter>
    </ClCompile>
    <ClCompile Include="GeneratedFiles\Dev-Debug\moc_ProgramIOMessageController.cpp">
      <Filter>Generated\Dev-Debug</Filter>
    </ClCompile>
    <ClCompile Include="..\..\..\Source\Editor\Widgets\NodeFileTabBar.cpp">
      <Filter>Source\Widgets</Filter>
    </ClCompile>
    <ClCompile Include="GeneratedFiles\Dev-Opt\moc_NodeFileTabBar.cpp">
      <Filter>Generated\Dev-Opt</Filter>
    </ClCompile>
    <ClCompile Include="GeneratedFiles\Dev-Debug\moc_NodeFileTabBar.cpp">
      <Filter>Generated\Dev-Debug</Filter>
    </ClCompile>
    <ClCompile Include="..\..\..\Source\Editor\Widgets\PegasusDockWidget.cpp">
      <Filter>Source\Widgets</Filter>
    </ClCompile>
    <ClCompile Include="GeneratedFiles\Dev-Opt\moc_PegasusDockWidget.cpp">
      <Filter>Generated\Dev-Opt</Filter>
    </ClCompile>
    <ClCompile Include="GeneratedFiles\Dev-Debug\moc_PegasusDockWidget.cpp">
      <Filter>Generated\Dev-Debug</Filter>
    </ClCompile>
    <ClCompile Include="..\..\..\Source\Editor\ProgramEditor\ProgramEditorUndoCommands.cpp">
      <Filter>Source\ProgramEditor</Filter>
    </ClCompile>
    <ClCompile Include="..\..\..\Source\Editor\Debug\BlockScriptLibraries\BlockScriptLibraryDockWidget.cpp">
      <Filter>Source\Debug\BlockScriptLibraries</Filter>
    </ClCompile>
    <ClCompile Include="GeneratedFiles\Dev-Opt\moc_BlockScriptLibraryDockWidget.cpp">
      <Filter>Generated\Dev-Opt</Filter>
    </ClCompile>
    <ClCompile Include="GeneratedFiles\Dev-Debug\moc_BlockScriptLibraryDockWidget.cpp">
      <Filter>Generated\Dev-Debug</Filter>
    </ClCompile>
    <ClCompile Include="..\..\..\Source\Editor\MessageControllers\WindowIOMessageController.cpp">
      <Filter>Source\MessageControllers</Filter>
    </ClCompile>
    <ClCompile Include="GeneratedFiles\Dev-Opt\moc_WindowIOMessageController.cpp">
      <Filter>Generated\Dev-Opt</Filter>
    </ClCompile>
    <ClCompile Include="GeneratedFiles\Dev-Debug\moc_WindowIOMessageController.cpp">
      <Filter>Generated\Dev-Debug</Filter>
    </ClCompile>
    <ClCompile Include="..\..\..\Source\Editor\PropertyGrid\qtpropertybrowser\qtbuttonpropertybrowser.cpp">
      <Filter>Source\PropertyGrid\qtpropertybrowser</Filter>
    </ClCompile>
    <ClCompile Include="GeneratedFiles\Dev-Opt\moc_qtbuttonpropertybrowser.cpp">
      <Filter>Generated\Dev-Opt</Filter>
    </ClCompile>
    <ClCompile Include="GeneratedFiles\Dev-Debug\moc_qtbuttonpropertybrowser.cpp">
      <Filter>Generated\Dev-Debug</Filter>
    </ClCompile>
    <ClCompile Include="GeneratedFiles\Dev-Opt\moc_qteditorfactory.cpp">
      <Filter>Generated\Dev-Opt</Filter>
    </ClCompile>
    <ClCompile Include="GeneratedFiles\Dev-Debug\moc_qteditorfactory.cpp">
      <Filter>Generated\Dev-Debug</Filter>
    </ClCompile>
    <ClCompile Include="..\..\..\Source\Editor\PropertyGrid\qtpropertybrowser\qtgroupboxpropertybrowser.cpp">
      <Filter>Source\PropertyGrid\qtpropertybrowser</Filter>
    </ClCompile>
    <ClCompile Include="GeneratedFiles\Dev-Opt\moc_qtgroupboxpropertybrowser.cpp">
      <Filter>Generated\Dev-Opt</Filter>
    </ClCompile>
    <ClCompile Include="GeneratedFiles\Dev-Debug\moc_qtgroupboxpropertybrowser.cpp">
      <Filter>Generated\Dev-Debug</Filter>
    </ClCompile>
    <ClCompile Include="..\..\..\Source\Editor\PropertyGrid\qtpropertybrowser\qtpropertybrowser.cpp">
      <Filter>Source\PropertyGrid\qtpropertybrowser</Filter>
    </ClCompile>
    <ClCompile Include="GeneratedFiles\Dev-Opt\moc_qtpropertybrowser.cpp">
      <Filter>Generated\Dev-Opt</Filter>
    </ClCompile>
    <ClCompile Include="GeneratedFiles\Dev-Debug\moc_qtpropertybrowser.cpp">
      <Filter>Generated\Dev-Debug</Filter>
    </ClCompile>
    <ClCompile Include="..\..\..\Source\Editor\PropertyGrid\qtpropertybrowser\qtpropertybrowserutils.cpp">
      <Filter>Source\PropertyGrid\qtpropertybrowser</Filter>
    </ClCompile>
    <ClCompile Include="GeneratedFiles\Dev-Opt\moc_qtpropertybrowserutils_p.cpp">
      <Filter>Generated\Dev-Opt</Filter>
    </ClCompile>
    <ClCompile Include="GeneratedFiles\Dev-Debug\moc_qtpropertybrowserutils_p.cpp">
      <Filter>Generated\Dev-Debug</Filter>
    </ClCompile>
    <ClCompile Include="GeneratedFiles\Dev-Opt\moc_qtpropertymanager.cpp">
      <Filter>Generated\Dev-Opt</Filter>
    </ClCompile>
    <ClCompile Include="GeneratedFiles\Dev-Debug\moc_qtpropertymanager.cpp">
      <Filter>Generated\Dev-Debug</Filter>
    </ClCompile>
    <ClCompile Include="GeneratedFiles\Dev-Opt\moc_qttreepropertybrowser.cpp">
      <Filter>Generated\Dev-Opt</Filter>
    </ClCompile>
    <ClCompile Include="GeneratedFiles\Dev-Debug\moc_qttreepropertybrowser.cpp">
      <Filter>Generated\Dev-Debug</Filter>
    </ClCompile>
    <ClCompile Include="..\..\..\Source\Editor\PropertyGrid\qtpropertybrowser\qtvariantproperty.cpp">
      <Filter>Source\PropertyGrid\qtpropertybrowser</Filter>
    </ClCompile>
    <ClCompile Include="GeneratedFiles\Dev-Opt\moc_qtvariantproperty.cpp">
      <Filter>Generated\Dev-Opt</Filter>
    </ClCompile>
    <ClCompile Include="GeneratedFiles\Dev-Debug\moc_qtvariantproperty.cpp">
      <Filter>Generated\Dev-Debug</Filter>
    </ClCompile>
    <ClCompile Include="..\..\..\Source\Editor\PropertyGrid\qtpropertybrowser\qttreepropertybrowser.cpp">
      <Filter>Source\PropertyGrid\qtpropertybrowser</Filter>
    </ClCompile>
    <ClCompile Include="..\..\..\Source\Editor\PropertyGrid\qtpropertybrowser\qtpropertymanager.cpp">
      <Filter>Source\PropertyGrid\qtpropertybrowser</Filter>
    </ClCompile>
    <ClCompile Include="..\..\..\Source\Editor\PropertyGrid\qtpropertybrowser\qteditorfactory.cpp">
      <Filter>Source\PropertyGrid\qtpropertybrowser</Filter>
    </ClCompile>
    <ClCompile Include="GeneratedFiles\qrc_qtpropertybrowser.cpp">
      <Filter>Generated</Filter>
    </ClCompile>
    <ClCompile Include="..\..\..\Source\Editor\PropertyGrid\PropertyGridWidget.cpp">
      <Filter>Source\PropertyGrid</Filter>
    </ClCompile>
    <ClCompile Include="GeneratedFiles\Dev-Opt\moc_PropertyGridWidget.cpp">
      <Filter>Generated\Dev-Opt</Filter>
    </ClCompile>
    <ClCompile Include="GeneratedFiles\Dev-Debug\moc_PropertyGridWidget.cpp">
      <Filter>Generated\Dev-Debug</Filter>
    </ClCompile>
    <ClCompile Include="..\..\..\Source\Editor\PropertyGrid\PropertyGridPropertyManagers.cpp">
      <Filter>Source\PropertyGrid</Filter>
    </ClCompile>
    <ClCompile Include="..\..\..\Source\Editor\PropertyGrid\PropertyGridEditorFactories.cpp">
      <Filter>Source\PropertyGrid</Filter>
    </ClCompile>
    <ClCompile Include="GeneratedFiles\Dev-Opt\moc_PropertyGridPropertyManagers.cpp">
      <Filter>Generated\Dev-Opt</Filter>
    </ClCompile>
    <ClCompile Include="GeneratedFiles\Dev-Debug\moc_PropertyGridPropertyManagers.cpp">
      <Filter>Generated\Dev-Debug</Filter>
    </ClCompile>
    <ClCompile Include="..\..\..\Source\Editor\MessageControllers\PropertyGridIOMessageController.cpp">
      <Filter>Source\MessageControllers</Filter>
    </ClCompile>
    <ClCompile Include="GeneratedFiles\Dev-Opt\moc_PropertyGridIOMessageController.cpp">
      <Filter>Generated\Dev-Opt</Filter>
    </ClCompile>
    <ClCompile Include="GeneratedFiles\Dev-Debug\moc_PropertyGridIOMessageController.cpp">
      <Filter>Generated\Dev-Debug</Filter>
    </ClCompile>
    <ClCompile Include="..\..\..\Source\Editor\MessageControllers\GraphIOMessageController.cpp">
      <Filter>Source\MessageControllers</Filter>
    </ClCompile>
    <ClCompile Include="GeneratedFiles\Dev-Opt\moc_GraphIOMessageController.cpp">
      <Filter>Generated\Dev-Opt</Filter>
    </ClCompile>
    <ClCompile Include="GeneratedFiles\Dev-Debug\moc_GraphIOMessageController.cpp">
      <Filter>Generated\Dev-Debug</Filter>
    </ClCompile>
  </ItemGroup>
  <ItemGroup>
    <CustomBuild Include="..\..\..\Source\Editor\Timeline\TimelineDockWidget.ui">
      <Filter>Forms</Filter>
    </CustomBuild>
    <CustomBuild Include="..\..\..\Source\Editor\Editor.h">
      <Filter>Source</Filter>
    </CustomBuild>
    <CustomBuild Include="..\..\..\Source\Editor\Timeline\TimelineDockWidget.h">
      <Filter>Source\Timeline</Filter>
    </CustomBuild>
    <CustomBuild Include="..\..\..\Source\Editor\Viewport\ViewportWidget.h">
      <Filter>Source\Viewport</Filter>
    </CustomBuild>
    <CustomBuild Include="..\..\..\Source\Editor\Viewport\ViewportDockWidget.h">
      <Filter>Source\Viewport</Filter>
    </CustomBuild>
    <CustomBuild Include="..\..\..\Source\Editor\Timeline\TimelineGraphicsView.h">
      <Filter>Source\Timeline</Filter>
    </CustomBuild>
    <CustomBuild Include="..\..\..\Source\Editor\Timeline\TimelineBlockGraphicsItem.h">
      <Filter>Source\Timeline</Filter>
    </CustomBuild>
    <CustomBuild Include="..\..\..\Source\Editor\Console\ConsoleDockWidget.h">
      <Filter>Source\Console</Filter>
    </CustomBuild>
    <CustomBuild Include="..\..\..\Source\Editor\Resources\Resources.qrc">
      <Filter>Resources</Filter>
    </CustomBuild>
    <CustomBuild Include="..\..\..\Source\Editor\Settings\SettingsDialog.h">
      <Filter>Source\Settings</Filter>
    </CustomBuild>
    <CustomBuild Include="..\..\..\Source\Editor\Settings\Settings.h">
      <Filter>Source\Settings</Filter>
    </CustomBuild>
    <CustomBuild Include="..\..\..\Source\Editor\Settings\SettingsAppearancePage.h">
      <Filter>Source\Settings</Filter>
    </CustomBuild>
    <CustomBuild Include="..\..\..\Source\Editor\Assertion.h">
      <Filter>Source</Filter>
    </CustomBuild>
    <CustomBuild Include="..\..\..\Source\Editor\Widgets\ColorPickerBox.h">
      <Filter>Source\Widgets</Filter>
    </CustomBuild>
    <CustomBuild Include="..\..\..\Source\Editor\Console\ConsoleChannelColorTable\ConsoleChannelColorTableView.h">
      <Filter>Source\Console\ConsoleChannelColorTable</Filter>
    </CustomBuild>
    <CustomBuild Include="..\..\..\Source\Editor\Console\ConsoleChannelColorTable\ConsoleChannelColorTableModel.h">
      <Filter>Source\Console\ConsoleChannelColorTable</Filter>
    </CustomBuild>
    <CustomBuild Include="..\..\..\Source\Editor\Log.h">
      <Filter>Source</Filter>
    </CustomBuild>
    <CustomBuild Include="..\..\..\Source\Editor\Timeline\TimelineCursorGraphicsItem.h">
      <Filter>Source\Timeline</Filter>
    </CustomBuild>
    <CustomBuild Include="..\..\..\Source\Editor\Settings\SettingsConsolePage.h">
      <Filter>Source\Settings</Filter>
    </CustomBuild>
    <CustomBuild Include="..\..\..\Source\Editor\Application\Application.h">
      <Filter>Source\Application</Filter>
    </CustomBuild>
    <CustomBuild Include="..\..\..\Source\Editor\Application\ApplicationManager.h">
      <Filter>Source\Application</Filter>
    </CustomBuild>
    <CustomBuild Include="..\..\..\Source\Editor\Application\ApplicationInterface.h">
      <Filter>Source\Application</Filter>
    </CustomBuild>
    <CustomBuild Include="..\..\..\Source\Editor\History\HistoryDockWidget.h">
      <Filter>Source\History</Filter>
    </CustomBuild>
    <CustomBuild Include="..\..\..\Source\Editor\Timeline\TimelineUndoCommands.h">
      <Filter>Source\Timeline</Filter>
    </CustomBuild>
    <CustomBuild Include="..\..\..\Source\Editor\Texture\TextureEditorDockWidget.h">
      <Filter>Source\Texture</Filter>
    </CustomBuild>
    <CustomBuild Include="..\..\..\Source\Editor\Texture\TextureEditorDockWidget.ui">
      <Filter>Forms</Filter>
    </CustomBuild>
    <CustomBuild Include="..\..\..\Source\Editor\Graph\GraphEditorGraphicsView.h">
      <Filter>Source\Graph</Filter>
    </CustomBuild>
    <CustomBuild Include="..\..\..\Source\Editor\Texture\TextureGraphEditorGraphicsView.h">
      <Filter>Source\Texture</Filter>
    </CustomBuild>
    <CustomBuild Include="..\..\..\Source\Editor\AssetLibrary\AssetLibraryWidget.h">
      <Filter>Source\AssetLibrary</Filter>
    </CustomBuild>
    <CustomBuild Include="..\..\..\Source\Editor\CodeEditor\CodeEditorWidget.h">
      <Filter>Source\CodeEditor</Filter>
    </CustomBuild>
    <CustomBuild Include="..\..\..\Source\Editor\CodeEditor\CodeTextEditorTreeWidget.h">
      <Filter>Source\CodeEditor</Filter>
    </CustomBuild>
    <CustomBuild Include="..\..\..\Source\Editor\CodeEditor\CodeTextEditorWidget.h">
      <Filter>Source\CodeEditor</Filter>
    </CustomBuild>
    <CustomBuild Include="..\..\..\Source\Editor\CodeEditor\SourceCodeManagerEventListener.h">
      <Filter>Source\CodeEditor</Filter>
    </CustomBuild>
    <CustomBuild Include="..\..\..\Source\Editor\Settings\SettingsCodeEditorPage.h">
      <Filter>Source\Settings</Filter>
    </CustomBuild>
    <CustomBuild Include="..\..\..\Source\Editor\Debug\PropertyGridClasses\PropertyGridClassesDockWidget.h">
      <Filter>Source\Debug\PropertyGridClasses</Filter>
    </CustomBuild>
    <CustomBuild Include="..\..\..\Source\Editor\ProgramEditor\ProgramEditorWidget.h">
      <Filter>Source\ProgramEditor</Filter>
    </CustomBuild>
    <CustomBuild Include="..\..\..\Source\Editor\MessageControllers\AssetIOMessageController.h">
      <Filter>Source\MessageControllers</Filter>
    </CustomBuild>
    <CustomBuild Include="..\..\..\Source\Editor\MessageControllers\SourceIOMessageController.h">
      <Filter>Source\MessageControllers</Filter>
    </CustomBuild>
    <CustomBuild Include="..\..\..\Source\Editor\MessageControllers\ProgramIOMessageController.h">
      <Filter>Source\MessageControllers</Filter>
    </CustomBuild>
    <CustomBuild Include="..\..\..\Source\Editor\Widgets\NodeFileTabBar.h">
      <Filter>Source\Widgets</Filter>
    </CustomBuild>
    <CustomBuild Include="..\..\..\Source\Editor\AssetLibrary\AssetLibraryWidget.ui">
      <Filter>Forms</Filter>
    </CustomBuild>
    <CustomBuild Include="..\..\..\Source\Editor\Widgets\PegasusDockWidget.h">
      <Filter>Source\Widgets</Filter>
    </CustomBuild>
    <CustomBuild Include="..\..\..\Source\Editor\ProgramEditor\ProgramEditorUndoCommands.h">
      <Filter>Source\ProgramEditor</Filter>
    </CustomBuild>
    <CustomBuild Include="..\..\..\Source\Editor\Debug\BlockScriptLibraries\BlockScriptLibraryDockWidget.h">
      <Filter>Source\Debug\BlockScriptLibraries</Filter>
    </CustomBuild>
    <CustomBuild Include="..\..\..\Source\Editor\MessageControllers\WindowIOMessageController.h">
      <Filter>Source\MessageControllers</Filter>
    </CustomBuild>
    <CustomBuild Include="..\..\..\Source\Editor\PropertyGrid\qtpropertybrowser\qtbuttonpropertybrowser.h">
      <Filter>Source\PropertyGrid\qtpropertybrowser</Filter>
    </CustomBuild>
    <CustomBuild Include="GeneratedFiles\Dev-Opt\qteditorfactory.moc">
      <Filter>Generated\Dev-Opt</Filter>
    </CustomBuild>
    <CustomBuild Include="GeneratedFiles\Dev-Debug\qteditorfactory.moc">
      <Filter>Generated\Dev-Debug</Filter>
    </CustomBuild>
    <CustomBuild Include="..\..\..\Source\Editor\PropertyGrid\qtpropertybrowser\qteditorfactory.h">
      <Filter>Source\PropertyGrid\qtpropertybrowser</Filter>
    </CustomBuild>
    <CustomBuild Include="..\..\..\Source\Editor\PropertyGrid\qtpropertybrowser\qtgroupboxpropertybrowser.h">
      <Filter>Source\PropertyGrid\qtpropertybrowser</Filter>
    </CustomBuild>
    <CustomBuild Include="..\..\..\Source\Editor\PropertyGrid\qtpropertybrowser\qtpropertybrowser.h">
      <Filter>Source\PropertyGrid\qtpropertybrowser</Filter>
    </CustomBuild>
    <CustomBuild Include="..\..\..\Source\Editor\PropertyGrid\qtpropertybrowser\qtpropertybrowserutils_p.h">
      <Filter>Source\PropertyGrid\qtpropertybrowser</Filter>
    </CustomBuild>
    <CustomBuild Include="GeneratedFiles\Dev-Opt\qtpropertymanager.moc">
      <Filter>Generated\Dev-Opt</Filter>
    </CustomBuild>
    <CustomBuild Include="GeneratedFiles\Dev-Debug\qtpropertymanager.moc">
      <Filter>Generated\Dev-Debug</Filter>
    </CustomBuild>
    <CustomBuild Include="..\..\..\Source\Editor\PropertyGrid\qtpropertybrowser\qtpropertymanager.h">
      <Filter>Source\PropertyGrid\qtpropertybrowser</Filter>
    </CustomBuild>
    <CustomBuild Include="GeneratedFiles\Dev-Opt\qttreepropertybrowser.moc">
      <Filter>Generated\Dev-Opt</Filter>
    </CustomBuild>
    <CustomBuild Include="GeneratedFiles\Dev-Debug\qttreepropertybrowser.moc">
      <Filter>Generated\Dev-Debug</Filter>
    </CustomBuild>
    <CustomBuild Include="..\..\..\Source\Editor\PropertyGrid\qtpropertybrowser\qttreepropertybrowser.h">
      <Filter>Source\PropertyGrid\qtpropertybrowser</Filter>
    </CustomBuild>
    <CustomBuild Include="..\..\..\Source\Editor\PropertyGrid\qtpropertybrowser\qtvariantproperty.h">
      <Filter>Source\PropertyGrid\qtpropertybrowser</Filter>
    </CustomBuild>
    <CustomBuild Include="..\..\..\Source\Editor\PropertyGrid\qtpropertybrowser\qtpropertybrowser.qrc">
      <Filter>Source\PropertyGrid\qtpropertybrowser</Filter>
    </CustomBuild>
    <CustomBuild Include="..\..\..\Source\Editor\PropertyGrid\PropertyGridWidget.h">
      <Filter>Source\PropertyGrid</Filter>
    </CustomBuild>
    <CustomBuild Include="..\..\..\Source\Editor\PropertyGrid\PropertyGridPropertyManagers.h">
      <Filter>Source\PropertyGrid</Filter>
    </CustomBuild>
    <CustomBuild Include="..\..\..\Source\Editor\MessageControllers\PropertyGridIOMessageController.h">
      <Filter>Source\MessageControllers</Filter>
    </CustomBuild>
    <CustomBuild Include="..\..\..\Source\Editor\MessageControllers\GraphIOMessageController.h">
      <Filter>Source\MessageControllers</Filter>
    </CustomBuild>
  </ItemGroup>
  <ItemGroup>
    <ResourceCompile Include="Editor.rc" />
  </ItemGroup>
  <ItemGroup>
    <ClInclude Include="..\..\..\Source\Editor\Timeline\TimelineBackgroundBeatGraphicsItem.h">
      <Filter>Source\Timeline</Filter>
    </ClInclude>
    <ClInclude Include="..\..\..\Source\Editor\Timeline\TimelineSizes.h">
      <Filter>Source\Timeline</Filter>
    </ClInclude>
    <ClInclude Include="..\..\..\Source\Editor\Timeline\TimelineBackgroundBeatLineGraphicsItem.h">
      <Filter>Source\Timeline</Filter>
    </ClInclude>
    <ClInclude Include="..\..\..\Source\Editor\Timeline\TimelineLaneHeaderGraphicsItem.h">
      <Filter>Source\Timeline</Filter>
    </ClInclude>
    <ClInclude Include="GeneratedFiles\ui_TextureEditorDockWidget.h">
      <Filter>Generated</Filter>
    </ClInclude>
    <ClInclude Include="GeneratedFiles\ui_AssetLibraryWidget.h">
      <Filter>Generated</Filter>
    </ClInclude>
    <ClInclude Include="..\..\..\Source\Editor\AssetLibrary\ProgramTreeModel.h">
      <Filter>Source\AssetLibrary</Filter>
    </ClInclude>
    <ClInclude Include="..\..\..\Source\Editor\AssetLibrary\SourceCodeListModel.h">
      <Filter>Source\AssetLibrary</Filter>
    </ClInclude>
    <ClInclude Include="..\..\..\Source\Editor\PropertyTypes.h">
      <Filter>Source</Filter>
    </ClInclude>
    <ClInclude Include="..\..\..\Source\Editor\PropertyGrid\PropertyGridEditorFactories.h">
      <Filter>Source\PropertyGrid</Filter>
    </ClInclude>
  </ItemGroup>
  <ItemGroup>
    <Image Include="..\..\..\Source\Editor\PropertyGrid\qtpropertybrowser\images\cursor-arrow.png">
      <Filter>Source\PropertyGrid\qtpropertybrowser\images</Filter>
    </Image>
    <Image Include="..\..\..\Source\Editor\PropertyGrid\qtpropertybrowser\images\cursor-busy.png">
      <Filter>Source\PropertyGrid\qtpropertybrowser\images</Filter>
    </Image>
    <Image Include="..\..\..\Source\Editor\PropertyGrid\qtpropertybrowser\images\cursor-closedhand.png">
      <Filter>Source\PropertyGrid\qtpropertybrowser\images</Filter>
    </Image>
    <Image Include="..\..\..\Source\Editor\PropertyGrid\qtpropertybrowser\images\cursor-cross.png">
      <Filter>Source\PropertyGrid\qtpropertybrowser\images</Filter>
    </Image>
    <Image Include="..\..\..\Source\Editor\PropertyGrid\qtpropertybrowser\images\cursor-forbidden.png">
      <Filter>Source\PropertyGrid\qtpropertybrowser\images</Filter>
    </Image>
    <Image Include="..\..\..\Source\Editor\PropertyGrid\qtpropertybrowser\images\cursor-hand.png">
      <Filter>Source\PropertyGrid\qtpropertybrowser\images</Filter>
    </Image>
    <Image Include="..\..\..\Source\Editor\PropertyGrid\qtpropertybrowser\images\cursor-hsplit.png">
      <Filter>Source\PropertyGrid\qtpropertybrowser\images</Filter>
    </Image>
    <Image Include="..\..\..\Source\Editor\PropertyGrid\qtpropertybrowser\images\cursor-ibeam.png">
      <Filter>Source\PropertyGrid\qtpropertybrowser\images</Filter>
    </Image>
    <Image Include="..\..\..\Source\Editor\PropertyGrid\qtpropertybrowser\images\cursor-openhand.png">
      <Filter>Source\PropertyGrid\qtpropertybrowser\images</Filter>
    </Image>
    <Image Include="..\..\..\Source\Editor\PropertyGrid\qtpropertybrowser\images\cursor-sizeall.png">
      <Filter>Source\PropertyGrid\qtpropertybrowser\images</Filter>
    </Image>
    <Image Include="..\..\..\Source\Editor\PropertyGrid\qtpropertybrowser\images\cursor-sizeb.png">
      <Filter>Source\PropertyGrid\qtpropertybrowser\images</Filter>
    </Image>
    <Image Include="..\..\..\Source\Editor\PropertyGrid\qtpropertybrowser\images\cursor-sizef.png">
      <Filter>Source\PropertyGrid\qtpropertybrowser\images</Filter>
    </Image>
    <Image Include="..\..\..\Source\Editor\PropertyGrid\qtpropertybrowser\images\cursor-sizeh.png">
      <Filter>Source\PropertyGrid\qtpropertybrowser\images</Filter>
    </Image>
    <Image Include="..\..\..\Source\Editor\PropertyGrid\qtpropertybrowser\images\cursor-sizev.png">
      <Filter>Source\PropertyGrid\qtpropertybrowser\images</Filter>
    </Image>
    <Image Include="..\..\..\Source\Editor\PropertyGrid\qtpropertybrowser\images\cursor-uparrow.png">
      <Filter>Source\PropertyGrid\qtpropertybrowser\images</Filter>
    </Image>
    <Image Include="..\..\..\Source\Editor\PropertyGrid\qtpropertybrowser\images\cursor-vsplit.png">
      <Filter>Source\PropertyGrid\qtpropertybrowser\images</Filter>
    </Image>
    <Image Include="..\..\..\Source\Editor\PropertyGrid\qtpropertybrowser\images\cursor-wait.png">
      <Filter>Source\PropertyGrid\qtpropertybrowser\images</Filter>
    </Image>
    <Image Include="..\..\..\Source\Editor\PropertyGrid\qtpropertybrowser\images\cursor-whatsthis.png">
      <Filter>Source\PropertyGrid\qtpropertybrowser\images</Filter>
    </Image>
  </ItemGroup>
</Project>