<?xml version="1.0" encoding="utf-8"?>
<Project ToolsVersion="4.0" xmlns="http://schemas.microsoft.com/developer/msbuild/2003">
  <ItemGroup>
    <Filter Include="Include">
      <UniqueIdentifier>{93995380-89BD-4b04-88EB-625FBE52EBFB}</UniqueIdentifier>
      <Extensions>h;hpp;hxx;hm;inl;inc;xsd</Extensions>
    </Filter>
    <Filter Include="Source">
      <UniqueIdentifier>{4FC737F1-C7A5-4376-A066-2A32D752A2FF}</UniqueIdentifier>
      <Extensions>cpp;c;cc;cxx;def;odl;idl;hpj;bat;asm;asmx</Extensions>
    </Filter>
    <Filter Include="Include\Shared">
      <UniqueIdentifier>{5ee830ce-e8cf-4be2-bdd6-13c295ff0175}</UniqueIdentifier>
    </Filter>
  </ItemGroup>
  <ItemGroup>
    <ClInclude Include="..\..\..\..\Include\Pegasus\Timeline\Timeline.h">
      <Filter>Include</Filter>
    </ClInclude>
    <ClInclude Include="..\..\..\..\Include\Pegasus\Timeline\Shared\ITimelineProxy.h">
      <Filter>Include\Shared</Filter>
    </ClInclude>
    <ClInclude Include="..\..\..\..\Include\Pegasus\Timeline\Shared\ILaneProxy.h">
      <Filter>Include\Shared</Filter>
    </ClInclude>
    <ClInclude Include="..\..\..\..\Include\Pegasus\Timeline\Lane.h">
      <Filter>Include</Filter>
    </ClInclude>
    <ClInclude Include="..\..\..\..\Include\Pegasus\Timeline\LaneProxy.h">
      <Filter>Include</Filter>
    </ClInclude>
    <ClInclude Include="..\..\..\..\Include\Pegasus\Timeline\TimelineProxy.h">
      <Filter>Include</Filter>
    </ClInclude>
    <ClInclude Include="..\..\..\..\Include\Pegasus\Timeline\Shared\IBlockProxy.h">
      <Filter>Include\Shared</Filter>
    </ClInclude>
    <ClInclude Include="..\..\..\..\Include\Pegasus\Timeline\BlockProxy.h">
      <Filter>Include</Filter>
    </ClInclude>
    <ClInclude Include="..\..\..\..\Include\Pegasus\Timeline\Block.h">
      <Filter>Include</Filter>
    </ClInclude>
    <ClInclude Include="..\..\..\..\Include\Pegasus\Timeline\Shared\TimelineDefs.h">
      <Filter>Include\Shared</Filter>
    </ClInclude>
    <ClInclude Include="..\..\..\..\Include\Pegasus\Timeline\Shared\LaneDefs.h">
      <Filter>Include\Shared</Filter>
    </ClInclude>
    <ClInclude Include="..\..\..\..\Include\Pegasus\Timeline\Shared\BlockDefs.h">
      <Filter>Include\Shared</Filter>
    </ClInclude>
  </ItemGroup>
  <ItemGroup>
    <ClCompile Include="..\..\..\..\Source\Pegasus\Timeline\Timeline.cpp">
      <Filter>Source</Filter>
    </ClCompile>
    <ClCompile Include="..\..\..\..\Source\Pegasus\Timeline\LaneProxy.cpp">
      <Filter>Source</Filter>
    </ClCompile>
    <ClCompile Include="..\..\..\..\Source\Pegasus\Timeline\Lane.cpp">
      <Filter>Source</Filter>
    </ClCompile>
    <ClCompile Include="..\..\..\..\Source\Pegasus\Timeline\TimelineProxy.cpp">
      <Filter>Source</Filter>
    </ClCompile>
    <ClCompile Include="..\..\..\..\Source\Pegasus\Timeline\BlockProxy.cpp">
      <Filter>Source</Filter>
    </ClCompile>
    <ClCompile Include="..\..\..\..\Source\Pegasus\Timeline\Block.cpp">
      <Filter>Source</Filter>
    </ClCompile>
  </ItemGroup>
</Project>