
Microsoft Visual Studio Solution File, Format Version 11.00
# Visual Studio 2010
Project("{2150E333-8FDC-42A3-9474-1A3956D46DE8}") = "Pegasus", "Pegasus", "{F99F748E-94E2-4095-936C-60C7EE6B5B24}"
EndProject
Project("{2150E333-8FDC-42A3-9474-1A3956D46DE8}") = "Editor", "Editor", "{03D32D76-AB97-4CB0-937A-FF17C86AB287}"
EndProject
Project("{2150E333-8FDC-42A3-9474-1A3956D46DE8}") = "Launcher", "Launcher", "{B460F7CD-5B6E-43D6-AD3D-FDC418941FF6}"
EndProject
Project("{8BC9CEB8-8B4A-11D0-8D11-00A0C91BC942}") = "Core", "Pegasus\Core\Core.vcxproj", "{92FA566D-08A1-4C83-832B-C8D76BD1493B}"
EndProject
Project("{8BC9CEB8-8B4A-11D0-8D11-00A0C91BC942}") = "Render", "Pegasus\Render\Render.vcxproj", "{B1169EA8-9728-4F43-B328-CD2002450798}"
	ProjectSection(ProjectDependencies) = postProject
		{92FA566D-08A1-4C83-832B-C8D76BD1493B} = {92FA566D-08A1-4C83-832B-C8D76BD1493B}
	EndProjectSection
EndProject
Project("{8BC9CEB8-8B4A-11D0-8D11-00A0C91BC942}") = "Pegasus", "Pegasus\Pegasus.vcxproj", "{98BF1395-48CE-4C98-8921-7890B74889AD}"
EndProject
Project("{8BC9CEB8-8B4A-11D0-8D11-00A0C91BC942}") = "Editor", "Editor\Editor.vcxproj", "{13712E99-DD06-4C3A-85AE-102B3654679E}"
	ProjectSection(ProjectDependencies) = postProject
		{98BF1395-48CE-4C98-8921-7890B74889AD} = {98BF1395-48CE-4C98-8921-7890B74889AD}
	EndProjectSection
EndProject
Project("{8BC9CEB8-8B4A-11D0-8D11-00A0C91BC942}") = "Launcher", "Launcher\Launcher.vcxproj", "{C8DD5CB8-24C9-4BA1-BDA2-E096C0D8D83C}"
EndProject
Global
	GlobalSection(SolutionConfigurationPlatforms) = preSolution
		Dev-Debug|Win32 = Dev-Debug|Win32
		Dev-Opt|Win32 = Dev-Opt|Win32
		Rel-Debug|Win32 = Rel-Debug|Win32
		Rel-Final|Win32 = Rel-Final|Win32
		Rel-Profile|Win32 = Rel-Profile|Win32
		Rel-Small|Win32 = Rel-Small|Win32
	EndGlobalSection
	GlobalSection(ProjectConfigurationPlatforms) = postSolution
		{92FA566D-08A1-4C83-832B-C8D76BD1493B}.Dev-Debug|Win32.ActiveCfg = Dev-Debug|Win32
		{92FA566D-08A1-4C83-832B-C8D76BD1493B}.Dev-Debug|Win32.Build.0 = Dev-Debug|Win32
		{92FA566D-08A1-4C83-832B-C8D76BD1493B}.Dev-Opt|Win32.ActiveCfg = Dev-Opt|Win32
		{92FA566D-08A1-4C83-832B-C8D76BD1493B}.Dev-Opt|Win32.Build.0 = Dev-Opt|Win32
		{92FA566D-08A1-4C83-832B-C8D76BD1493B}.Rel-Debug|Win32.ActiveCfg = Rel-Debug|Win32
		{92FA566D-08A1-4C83-832B-C8D76BD1493B}.Rel-Debug|Win32.Build.0 = Rel-Debug|Win32
		{92FA566D-08A1-4C83-832B-C8D76BD1493B}.Rel-Final|Win32.ActiveCfg = Rel-Final|Win32
		{92FA566D-08A1-4C83-832B-C8D76BD1493B}.Rel-Final|Win32.Build.0 = Rel-Final|Win32
		{92FA566D-08A1-4C83-832B-C8D76BD1493B}.Rel-Profile|Win32.ActiveCfg = Rel-Profile|Win32
		{92FA566D-08A1-4C83-832B-C8D76BD1493B}.Rel-Profile|Win32.Build.0 = Rel-Profile|Win32
		{92FA566D-08A1-4C83-832B-C8D76BD1493B}.Rel-Small|Win32.ActiveCfg = Rel-Small|Win32
		{92FA566D-08A1-4C83-832B-C8D76BD1493B}.Rel-Small|Win32.Build.0 = Rel-Small|Win32
		{B1169EA8-9728-4F43-B328-CD2002450798}.Dev-Debug|Win32.ActiveCfg = Dev-Debug|Win32
		{B1169EA8-9728-4F43-B328-CD2002450798}.Dev-Debug|Win32.Build.0 = Dev-Debug|Win32
		{B1169EA8-9728-4F43-B328-CD2002450798}.Dev-Opt|Win32.ActiveCfg = Dev-Opt|Win32
		{B1169EA8-9728-4F43-B328-CD2002450798}.Dev-Opt|Win32.Build.0 = Dev-Opt|Win32
		{B1169EA8-9728-4F43-B328-CD2002450798}.Rel-Debug|Win32.ActiveCfg = Rel-Debug|Win32
		{B1169EA8-9728-4F43-B328-CD2002450798}.Rel-Debug|Win32.Build.0 = Rel-Debug|Win32
		{B1169EA8-9728-4F43-B328-CD2002450798}.Rel-Final|Win32.ActiveCfg = Rel-Final|Win32
		{B1169EA8-9728-4F43-B328-CD2002450798}.Rel-Final|Win32.Build.0 = Rel-Final|Win32
		{B1169EA8-9728-4F43-B328-CD2002450798}.Rel-Profile|Win32.ActiveCfg = Rel-Profile|Win32
		{B1169EA8-9728-4F43-B328-CD2002450798}.Rel-Profile|Win32.Build.0 = Rel-Profile|Win32
		{B1169EA8-9728-4F43-B328-CD2002450798}.Rel-Small|Win32.ActiveCfg = Rel-Small|Win32
		{B1169EA8-9728-4F43-B328-CD2002450798}.Rel-Small|Win32.Build.0 = Rel-Small|Win32
		{98BF1395-48CE-4C98-8921-7890B74889AD}.Dev-Debug|Win32.ActiveCfg = Dev-Debug|Win32
		{98BF1395-48CE-4C98-8921-7890B74889AD}.Dev-Debug|Win32.Build.0 = Dev-Debug|Win32
		{98BF1395-48CE-4C98-8921-7890B74889AD}.Dev-Opt|Win32.ActiveCfg = Dev-Opt|Win32
		{98BF1395-48CE-4C98-8921-7890B74889AD}.Dev-Opt|Win32.Build.0 = Dev-Opt|Win32
		{98BF1395-48CE-4C98-8921-7890B74889AD}.Rel-Debug|Win32.ActiveCfg = Rel-Debug|Win32
		{98BF1395-48CE-4C98-8921-7890B74889AD}.Rel-Debug|Win32.Build.0 = Rel-Debug|Win32
		{98BF1395-48CE-4C98-8921-7890B74889AD}.Rel-Final|Win32.ActiveCfg = Rel-Final|Win32
		{98BF1395-48CE-4C98-8921-7890B74889AD}.Rel-Final|Win32.Build.0 = Rel-Final|Win32
		{98BF1395-48CE-4C98-8921-7890B74889AD}.Rel-Profile|Win32.ActiveCfg = Rel-Profile|Win32
		{98BF1395-48CE-4C98-8921-7890B74889AD}.Rel-Profile|Win32.Build.0 = Rel-Profile|Win32
		{98BF1395-48CE-4C98-8921-7890B74889AD}.Rel-Small|Win32.ActiveCfg = Rel-Small|Win32
		{98BF1395-48CE-4C98-8921-7890B74889AD}.Rel-Small|Win32.Build.0 = Rel-Small|Win32
		{13712E99-DD06-4C3A-85AE-102B3654679E}.Dev-Debug|Win32.ActiveCfg = Dev-Debug|Win32
		{13712E99-DD06-4C3A-85AE-102B3654679E}.Dev-Debug|Win32.Build.0 = Dev-Debug|Win32
		{13712E99-DD06-4C3A-85AE-102B3654679E}.Dev-Opt|Win32.ActiveCfg = Dev-Opt|Win32
		{13712E99-DD06-4C3A-85AE-102B3654679E}.Dev-Opt|Win32.Build.0 = Dev-Opt|Win32
		{13712E99-DD06-4C3A-85AE-102B3654679E}.Rel-Debug|Win32.ActiveCfg = Dev-Debug|Win32
		{13712E99-DD06-4C3A-85AE-102B3654679E}.Rel-Final|Win32.ActiveCfg = Dev-Opt|Win32
		{13712E99-DD06-4C3A-85AE-102B3654679E}.Rel-Profile|Win32.ActiveCfg = Dev-Opt|Win32
		{13712E99-DD06-4C3A-85AE-102B3654679E}.Rel-Small|Win32.ActiveCfg = Dev-Opt|Win32
		{C8DD5CB8-24C9-4BA1-BDA2-E096C0D8D83C}.Dev-Debug|Win32.ActiveCfg = Dev-Debug|Win32
		{C8DD5CB8-24C9-4BA1-BDA2-E096C0D8D83C}.Dev-Debug|Win32.Build.0 = Dev-Debug|Win32
		{C8DD5CB8-24C9-4BA1-BDA2-E096C0D8D83C}.Dev-Opt|Win32.ActiveCfg = Dev-Opt|Win32
		{C8DD5CB8-24C9-4BA1-BDA2-E096C0D8D83C}.Dev-Opt|Win32.Build.0 = Dev-Opt|Win32
		{C8DD5CB8-24C9-4BA1-BDA2-E096C0D8D83C}.Rel-Debug|Win32.ActiveCfg = Dev-Debug|Win32
		{C8DD5CB8-24C9-4BA1-BDA2-E096C0D8D83C}.Rel-Debug|Win32.Build.0 = Dev-Debug|Win32
		{C8DD5CB8-24C9-4BA1-BDA2-E096C0D8D83C}.Rel-Final|Win32.ActiveCfg = Dev-Opt|Win32
		{C8DD5CB8-24C9-4BA1-BDA2-E096C0D8D83C}.Rel-Final|Win32.Build.0 = Dev-Opt|Win32
		{C8DD5CB8-24C9-4BA1-BDA2-E096C0D8D83C}.Rel-Profile|Win32.ActiveCfg = Dev-Opt|Win32
		{C8DD5CB8-24C9-4BA1-BDA2-E096C0D8D83C}.Rel-Profile|Win32.Build.0 = Dev-Opt|Win32
		{C8DD5CB8-24C9-4BA1-BDA2-E096C0D8D83C}.Rel-Small|Win32.ActiveCfg = Dev-Opt|Win32
		{C8DD5CB8-24C9-4BA1-BDA2-E096C0D8D83C}.Rel-Small|Win32.Build.0 = Dev-Opt|Win32
	EndGlobalSection
	GlobalSection(SolutionProperties) = preSolution
		HideSolutionNode = FALSE
	EndGlobalSection
	GlobalSection(NestedProjects) = preSolution
		{92FA566D-08A1-4C83-832B-C8D76BD1493B} = {F99F748E-94E2-4095-936C-60C7EE6B5B24}
		{B1169EA8-9728-4F43-B328-CD2002450798} = {F99F748E-94E2-4095-936C-60C7EE6B5B24}
		{98BF1395-48CE-4C98-8921-7890B74889AD} = {F99F748E-94E2-4095-936C-60C7EE6B5B24}
		{13712E99-DD06-4C3A-85AE-102B3654679E} = {03D32D76-AB97-4CB0-937A-FF17C86AB287}
		{C8DD5CB8-24C9-4BA1-BDA2-E096C0D8D83C} = {B460F7CD-5B6E-43D6-AD3D-FDC418941FF6}
	EndGlobalSection
EndGlobal
