<?xml version="1.0" encoding="utf-8"?>
<Project ToolsVersion="4.0" xmlns="http://schemas.microsoft.com/developer/msbuild/2003">
  <ItemGroup>
    <Filter Include="Include">
      <UniqueIdentifier>{93995380-89BD-4b04-88EB-625FBE52EBFB}</UniqueIdentifier>
      <Extensions>h;hpp;hxx;hm;inl;inc;xsd</Extensions>
    </Filter>
    <Filter Include="Source">
      <UniqueIdentifier>{4FC737F1-C7A5-4376-A066-2A32D752A2FF}</UniqueIdentifier>
      <Extensions>cpp;c;cc;cxx;def;odl;idl;hpj;bat;asm;asmx</Extensions>
    </Filter>
    <Filter Include="Include\Generator">
      <UniqueIdentifier>{d5d43321-a615-43f1-8eb8-66b5621c9b76}</UniqueIdentifier>
    </Filter>
    <Filter Include="Include\Operator">
      <UniqueIdentifier>{59bded39-60c6-4091-bdd7-ddcb996d3232}</UniqueIdentifier>
    </Filter>
    <Filter Include="Source\Generator">
      <UniqueIdentifier>{d3d8d9b3-9974-4c8c-9e33-8881d10c0090}</UniqueIdentifier>
    </Filter>
    <Filter Include="Source\Operator">
      <UniqueIdentifier>{2196e8cd-3de7-4b3b-88b7-e8dbc6660b8f}</UniqueIdentifier>
    </Filter>
  </ItemGroup>
  <ItemGroup>
    <ClInclude Include="..\..\..\..\Include\Pegasus\Mesh\Mesh.h">
      <Filter>Include</Filter>
    </ClInclude>
    <ClInclude Include="..\..\..\..\Include\Pegasus\Mesh\MeshData.h">
      <Filter>Include</Filter>
    </ClInclude>
    <ClInclude Include="..\..\..\..\Include\Pegasus\Mesh\MeshGenerator.h">
      <Filter>Include</Filter>
    </ClInclude>
    <ClInclude Include="..\..\..\..\Include\Pegasus\Mesh\MeshOperator.h">
      <Filter>Include</Filter>
    </ClInclude>
    <ClInclude Include="..\..\..\..\Include\Pegasus\Mesh\MeshConfiguration.h">
      <Filter>Include</Filter>
    </ClInclude>
    <ClInclude Include="..\..\..\..\Include\Pegasus\Mesh\MeshManager.h">
      <Filter>Include</Filter>
    </ClInclude>
    <ClInclude Include="..\..\..\..\Include\Pegasus\Mesh\MeshDeclaration.h">
      <Filter>Include</Filter>
    </ClInclude>
    <ClInclude Include="..\..\..\..\Include\Pegasus\Mesh\MeshInputLayout.h">
      <Filter>Include</Filter>
    </ClInclude>
    <ClInclude Include="..\..\..\..\Include\Pegasus\Mesh\Generator\QuadGenerator.h">
      <Filter>Include\Generator</Filter>
    </ClInclude>
    <ClInclude Include="..\..\..\..\Include\Pegasus\Mesh\IMeshFactory.h">
      <Filter>Include</Filter>
    </ClInclude>
  </ItemGroup>
  <ItemGroup>
    <ClCompile Include="..\..\..\..\Source\Pegasus\Mesh\Mesh.cpp">
      <Filter>Source</Filter>
    </ClCompile>
    <ClCompile Include="..\..\..\..\Source\Pegasus\Mesh\MeshData.cpp">
      <Filter>Source</Filter>
    </ClCompile>
    <ClCompile Include="..\..\..\..\Source\Pegasus\Mesh\MeshOperator.cpp">
      <Filter>Source</Filter>
    </ClCompile>
    <ClCompile Include="..\..\..\..\Source\Pegasus\Mesh\MeshGenerator.cpp">
      <Filter>Source</Filter>
    </ClCompile>
    <ClCompile Include="..\..\..\..\Source\Pegasus\Mesh\MeshConfiguration.cpp">
      <Filter>Source</Filter>
    </ClCompile>
    <ClCompile Include="..\..\..\..\Source\Pegasus\Mesh\MeshManager.cpp">
      <Filter>Source</Filter>
    </ClCompile>
    <ClCompile Include="..\..\..\..\Source\Pegasus\Mesh\MeshInputLayout.cpp">
      <Filter>Source</Filter>
    </ClCompile>
    <ClCompile Include="..\..\..\..\Source\Pegasus\Mesh\Generator\QuadGenerator.cpp">
      <Filter>Source\Generator</Filter>
    </ClCompile>
  </ItemGroup>
</Project>